// !$*UTF8*$!
{
	archiveVersion = 1;
	classes = {
	};
	objectVersion = 46;
	objects = {

/* Begin PBXBuildFile section */
		776739FF973CC27A63B231B7 /* libPods-BWiOSStudy.a in Frameworks */ = {isa = PBXBuildFile; fileRef = BC4C707CDD211F45D9886F75 /* libPods-BWiOSStudy.a */; };
		AE6B5429C90416B1B8A92EC9 /* libPods-BWiOSStudyUITests.a in Frameworks */ = {isa = PBXBuildFile; fileRef = AA38AC37AF8A6DA8AD347560 /* libPods-BWiOSStudyUITests.a */; };
		B43B47C920275CC5001EF4DC /* BWAnimationViewController.m in Sources */ = {isa = PBXBuildFile; fileRef = B43B47C820275CC5001EF4DC /* BWAnimationViewController.m */; };
		B454509124BD87C2004AD005 /* UIView+BWAdd.m in Sources */ = {isa = PBXBuildFile; fileRef = B454509024BD87C2004AD005 /* UIView+BWAdd.m */; };
		B4546FDB24C53258008062D0 /* BMCustomAlertView.m in Sources */ = {isa = PBXBuildFile; fileRef = B4546FD924C53178008062D0 /* BMCustomAlertView.m */; };
		B4546FDC24C53431008062D0 /* BMCustomAlertView.xib in Resources */ = {isa = PBXBuildFile; fileRef = B4546FDA24C53178008062D0 /* BMCustomAlertView.xib */; };
		B462386124B6C9160016C23B /* Demo5ViewController.m in Sources */ = {isa = PBXBuildFile; fileRef = B462385F24B6C9160016C23B /* Demo5ViewController.m */; };
		B462386224B6C9160016C23B /* Demo5ViewController.xib in Resources */ = {isa = PBXBuildFile; fileRef = B462386024B6C9160016C23B /* Demo5ViewController.xib */; };
		B462621124F35B8300FA5A7F /* Demo6ViewController.m in Sources */ = {isa = PBXBuildFile; fileRef = B462620F24F35B8300FA5A7F /* Demo6ViewController.m */; };
		B462621224F35B8300FA5A7F /* Demo6ViewController.xib in Resources */ = {isa = PBXBuildFile; fileRef = B462621024F35B8300FA5A7F /* Demo6ViewController.xib */; };
		B462621924F35C5800FA5A7F /* D6PersonModel.m in Sources */ = {isa = PBXBuildFile; fileRef = B462621824F35C5800FA5A7F /* D6PersonModel.m */; };
		B462621C24F35C6D00FA5A7F /* D6PersonView.m in Sources */ = {isa = PBXBuildFile; fileRef = B462621B24F35C6D00FA5A7F /* D6PersonView.m */; };
		B462621F24F35C7800FA5A7F /* D6PersonViewModel.m in Sources */ = {isa = PBXBuildFile; fileRef = B462621E24F35C7800FA5A7F /* D6PersonViewModel.m */; };
		B464072B227589CE001455A0 /* BWDemo3ViewController.m in Sources */ = {isa = PBXBuildFile; fileRef = B4640729227589CE001455A0 /* BWDemo3ViewController.m */; };
		B464072C227589CE001455A0 /* BWDemo3ViewController.xib in Resources */ = {isa = PBXBuildFile; fileRef = B464072A227589CE001455A0 /* BWDemo3ViewController.xib */; };
		B4654D452277F8A600668550 /* BWDemo4ViewController.m in Sources */ = {isa = PBXBuildFile; fileRef = B4654D432277F8A600668550 /* BWDemo4ViewController.m */; };
		B4654D462277F8A600668550 /* BWDemo4ViewController.xib in Resources */ = {isa = PBXBuildFile; fileRef = B4654D442277F8A600668550 /* BWDemo4ViewController.xib */; };
		B467B369253441C600DAB987 /* Demo7Tool.m in Sources */ = {isa = PBXBuildFile; fileRef = B467B368253441C600DAB987 /* Demo7Tool.m */; };
		B46A62272570972F001DEBDD /* BMTencentMapAddressSelectionViewController.m in Sources */ = {isa = PBXBuildFile; fileRef = B46A62252570972F001DEBDD /* BMTencentMapAddressSelectionViewController.m */; };
		B46A62282570972F001DEBDD /* BMTencentMapAddressSelectionViewController.xib in Resources */ = {isa = PBXBuildFile; fileRef = B46A62262570972F001DEBDD /* BMTencentMapAddressSelectionViewController.xib */; };
		B46A62342570A4B4001DEBDD /* UIViewController+BMModalPresentationStyle.m in Sources */ = {isa = PBXBuildFile; fileRef = B46A62332570A4B4001DEBDD /* UIViewController+BMModalPresentationStyle.m */; };
		B46A62622570DA94001DEBDD /* tc_map_icon_point@2x.png in Resources */ = {isa = PBXBuildFile; fileRef = B46A62562570DA94001DEBDD /* tc_map_icon_point@2x.png */; };
		B46A62632570DA94001DEBDD /* tc_map_icon_nail@3x.png in Resources */ = {isa = PBXBuildFile; fileRef = B46A62572570DA94001DEBDD /* tc_map_icon_nail@3x.png */; };
		B46A62642570DA94001DEBDD /* tc_map_icon_nail@2x.png in Resources */ = {isa = PBXBuildFile; fileRef = B46A62582570DA94001DEBDD /* tc_map_icon_nail@2x.png */; };
		B46A62652570DA94001DEBDD /* tc_map_icon_point@3x.png in Resources */ = {isa = PBXBuildFile; fileRef = B46A62592570DA94001DEBDD /* tc_map_icon_point@3x.png */; };
		B46A62662570DA94001DEBDD /* tc_map_icon_nail_100@3x.png in Resources */ = {isa = PBXBuildFile; fileRef = B46A625A2570DA94001DEBDD /* tc_map_icon_nail_100@3x.png */; };
		B46A62672570DA94001DEBDD /* tc_map_icon_nail_100@2x.png in Resources */ = {isa = PBXBuildFile; fileRef = B46A625B2570DA94001DEBDD /* tc_map_icon_nail_100@2x.png */; };
		B46A62682570DA94001DEBDD /* tc_map_icon_located_black@2x.png in Resources */ = {isa = PBXBuildFile; fileRef = B46A625C2570DA94001DEBDD /* tc_map_icon_located_black@2x.png */; };
		B46A62692570DA94001DEBDD /* tc_map_icon_tick@2x.png in Resources */ = {isa = PBXBuildFile; fileRef = B46A625D2570DA94001DEBDD /* tc_map_icon_tick@2x.png */; };
		B46A626A2570DA94001DEBDD /* tc_map_icon_located_blue@2x.png in Resources */ = {isa = PBXBuildFile; fileRef = B46A625E2570DA94001DEBDD /* tc_map_icon_located_blue@2x.png */; };
		B46A626B2570DA94001DEBDD /* tc_map_icon_located_blue@3x.png in Resources */ = {isa = PBXBuildFile; fileRef = B46A625F2570DA94001DEBDD /* tc_map_icon_located_blue@3x.png */; };
		B46A626C2570DA94001DEBDD /* tc_map_icon_tick@3x.png in Resources */ = {isa = PBXBuildFile; fileRef = B46A62602570DA94001DEBDD /* tc_map_icon_tick@3x.png */; };
		B46A626D2570DA94001DEBDD /* tc_map_icon_located_black@3x.png in Resources */ = {isa = PBXBuildFile; fileRef = B46A62612570DA94001DEBDD /* tc_map_icon_located_black@3x.png */; };
		B46BBE2D256F9F4B00D5B251 /* Demo8ViewController.m in Sources */ = {isa = PBXBuildFile; fileRef = B46BBE2B256F9F4B00D5B251 /* Demo8ViewController.m */; };
		B46BBE2E256F9F4B00D5B251 /* Demo8ViewController.xib in Resources */ = {isa = PBXBuildFile; fileRef = B46BBE2C256F9F4B00D5B251 /* Demo8ViewController.xib */; };
		B46DEA5E229D057800DAF99C /* BWDemo2Sub0View.m in Sources */ = {isa = PBXBuildFile; fileRef = B46DEA5D229D057800DAF99C /* BWDemo2Sub0View.m */; };
		B46DEA60229D058500DAF99C /* BWDemo2Sub0View.xib in Resources */ = {isa = PBXBuildFile; fileRef = B46DEA5F229D058500DAF99C /* BWDemo2Sub0View.xib */; };
		B46F94A124D8328C00ED5933 /* invalid@2x.png in Resources */ = {isa = PBXBuildFile; fileRef = B46F949F24D8328B00ED5933 /* invalid@2x.png */; };
		B46F94A224D8328C00ED5933 /* invalid@3x.png in Resources */ = {isa = PBXBuildFile; fileRef = B46F94A024D8328C00ED5933 /* invalid@3x.png */; };
		B474F4A12179C8350040E1E1 /* BWDemo0VC.m in Sources */ = {isa = PBXBuildFile; fileRef = B474F4A02179C8350040E1E1 /* BWDemo0VC.m */; };
		B47A9F4122BCA2A40036A5B2 /* BWPersonModel.m in Sources */ = {isa = PBXBuildFile; fileRef = B47A9F4022BCA2A40036A5B2 /* BWPersonModel.m */; };
		B481385B229FBF8B009A110B /* BWDemo3TableView0Cell.m in Sources */ = {isa = PBXBuildFile; fileRef = B4813859229FBF8B009A110B /* BWDemo3TableView0Cell.m */; };
		B481385C229FBF8B009A110B /* BWDemo3TableView0Cell.xib in Resources */ = {isa = PBXBuildFile; fileRef = B481385A229FBF8B009A110B /* BWDemo3TableView0Cell.xib */; };
		B482AAAA251D867400D8F5E2 /* BMHomeProtocolView.xib in Resources */ = {isa = PBXBuildFile; fileRef = B482AAA8251D867400D8F5E2 /* BMHomeProtocolView.xib */; };
		B482AAAB251D867400D8F5E2 /* BMHomeProtocolView.m in Sources */ = {isa = PBXBuildFile; fileRef = B482AAA9251D867400D8F5E2 /* BMHomeProtocolView.m */; };
		B486968C22423E1200E238A3 /* BWDemo2ViewController.m in Sources */ = {isa = PBXBuildFile; fileRef = B486968A22423E1200E238A3 /* BWDemo2ViewController.m */; };
		B486968D22423E1200E238A3 /* BWDemo2ViewController.xib in Resources */ = {isa = PBXBuildFile; fileRef = B486968B22423E1200E238A3 /* BWDemo2ViewController.xib */; };
		B491E7A9254167F000EC0581 /* time@2x.png in Resources */ = {isa = PBXBuildFile; fileRef = B491E7A4254167AC00EC0581 /* time@2x.png */; };
		B491E7AD254167F300EC0581 /* time@3x.png in Resources */ = {isa = PBXBuildFile; fileRef = B491E7A5254167AC00EC0581 /* time@3x.png */; };
		B4AD601124BC487D00867300 /* icon_list_delete@3x.png in Resources */ = {isa = PBXBuildFile; fileRef = B4AD600F24BC487D00867300 /* icon_list_delete@3x.png */; };
		B4AD601224BC487D00867300 /* icon_list_delete@2x.png in Resources */ = {isa = PBXBuildFile; fileRef = B4AD601024BC487D00867300 /* icon_list_delete@2x.png */; };
		B4C1DF5E20BBFB91009FBAB1 /* BWStudyViewController.m in Sources */ = {isa = PBXBuildFile; fileRef = B4C1DF5D20BBFB91009FBAB1 /* BWStudyViewController.m */; };
		B4D6843E1F7F3B1700C42934 /* main.m in Sources */ = {isa = PBXBuildFile; fileRef = B4D6843D1F7F3B1700C42934 /* main.m */; };
		B4D684411F7F3B1700C42934 /* AppDelegate.m in Sources */ = {isa = PBXBuildFile; fileRef = B4D684401F7F3B1700C42934 /* AppDelegate.m */; };
		B4D684471F7F3B1700C42934 /* Main.storyboard in Resources */ = {isa = PBXBuildFile; fileRef = B4D684451F7F3B1700C42934 /* Main.storyboard */; };
		B4D684491F7F3B1700C42934 /* Assets.xcassets in Resources */ = {isa = PBXBuildFile; fileRef = B4D684481F7F3B1700C42934 /* Assets.xcassets */; };
		B4D6844C1F7F3B1700C42934 /* LaunchScreen.storyboard in Resources */ = {isa = PBXBuildFile; fileRef = B4D6844A1F7F3B1700C42934 /* LaunchScreen.storyboard */; };
		B4D684571F7F3B1700C42934 /* BWiOSStudyTests.m in Sources */ = {isa = PBXBuildFile; fileRef = B4D684561F7F3B1700C42934 /* BWiOSStudyTests.m */; };
		B4D684621F7F3B1700C42934 /* BWiOSStudyUITests.m in Sources */ = {isa = PBXBuildFile; fileRef = B4D684611F7F3B1700C42934 /* BWiOSStudyUITests.m */; };
		B4D6847B1F7F426000C42934 /* BWConstraintsController.m in Sources */ = {isa = PBXBuildFile; fileRef = B4D684761F7F426000C42934 /* BWConstraintsController.m */; };
		B4D6847C1F7F426000C42934 /* BWFrameController.m in Sources */ = {isa = PBXBuildFile; fileRef = B4D684791F7F426000C42934 /* BWFrameController.m */; };
		B4D684821F7F442600C42934 /* BWHomeTableViewController.m in Sources */ = {isa = PBXBuildFile; fileRef = B4D684811F7F442600C42934 /* BWHomeTableViewController.m */; };
		B4D684851F7F477A00C42934 /* BWLayoutViewController.m in Sources */ = {isa = PBXBuildFile; fileRef = B4D684841F7F477A00C42934 /* BWLayoutViewController.m */; };
		B4D684891F7F4BEA00C42934 /* BWLayoutTest0View.m in Sources */ = {isa = PBXBuildFile; fileRef = B4D684881F7F4BEA00C42934 /* BWLayoutTest0View.m */; };
		B4DEB87B2338785A00D8BF99 /* BMDemo2View1.m in Sources */ = {isa = PBXBuildFile; fileRef = B4DEB87A2338785A00D8BF99 /* BMDemo2View1.m */; };
		B4DEB87D2338786100D8BF99 /* BMDemo2View1.xib in Resources */ = {isa = PBXBuildFile; fileRef = B4DEB87C2338786100D8BF99 /* BMDemo2View1.xib */; };
		B4ECABF421EF249100C47B1C /* BWDemo1ViewController.m in Sources */ = {isa = PBXBuildFile; fileRef = B4ECABF221EF249100C47B1C /* BWDemo1ViewController.m */; };
		B4ECABF521EF249100C47B1C /* BWDemo1ViewController.xib in Resources */ = {isa = PBXBuildFile; fileRef = B4ECABF321EF249100C47B1C /* BWDemo1ViewController.xib */; };
		B4F19EC42272EFA3004ADD37 /* BWDemo2HeaderView.m in Sources */ = {isa = PBXBuildFile; fileRef = B4F19EC32272EFA3004ADD37 /* BWDemo2HeaderView.m */; };
		B4F19EC62272EFAC004ADD37 /* BWDemo2HeaderView.xib in Resources */ = {isa = PBXBuildFile; fileRef = B4F19EC52272EFAC004ADD37 /* BWDemo2HeaderView.xib */; };
		C25813129B9FFF1DEC80CBDA /* libPods-BWiOSStudyTests.a in Frameworks */ = {isa = PBXBuildFile; fileRef = C6B72EB7096B6A9B237F257B /* libPods-BWiOSStudyTests.a */; };
/* End PBXBuildFile section */

/* Begin PBXContainerItemProxy section */
		B4D684531F7F3B1700C42934 /* PBXContainerItemProxy */ = {
			isa = PBXContainerItemProxy;
			containerPortal = B4D684311F7F3B1700C42934 /* Project object */;
			proxyType = 1;
			remoteGlobalIDString = B4D684381F7F3B1700C42934;
			remoteInfo = BWiOSStudy;
		};
		B4D6845E1F7F3B1700C42934 /* PBXContainerItemProxy */ = {
			isa = PBXContainerItemProxy;
			containerPortal = B4D684311F7F3B1700C42934 /* Project object */;
			proxyType = 1;
			remoteGlobalIDString = B4D684381F7F3B1700C42934;
			remoteInfo = BWiOSStudy;
		};
/* End PBXContainerItemProxy section */

/* Begin PBXFileReference section */
		8C742BDA2C4C1B70B7A30A50 /* Pods-BWiOSStudyUITests.release.xcconfig */ = {isa = PBXFileReference; includeInIndex = 1; lastKnownFileType = text.xcconfig; name = "Pods-BWiOSStudyUITests.release.xcconfig"; path = "Pods/Target Support Files/Pods-BWiOSStudyUITests/Pods-BWiOSStudyUITests.release.xcconfig"; sourceTree = "<group>"; };
		9F69C0D0DD9A4F9B63DB7A9B /* Pods-BWiOSStudyTests.release.xcconfig */ = {isa = PBXFileReference; includeInIndex = 1; lastKnownFileType = text.xcconfig; name = "Pods-BWiOSStudyTests.release.xcconfig"; path = "Pods/Target Support Files/Pods-BWiOSStudyTests/Pods-BWiOSStudyTests.release.xcconfig"; sourceTree = "<group>"; };
		AA245579108AC882DA013107 /* Pods-BWiOSStudyTests.debug.xcconfig */ = {isa = PBXFileReference; includeInIndex = 1; lastKnownFileType = text.xcconfig; name = "Pods-BWiOSStudyTests.debug.xcconfig"; path = "Pods/Target Support Files/Pods-BWiOSStudyTests/Pods-BWiOSStudyTests.debug.xcconfig"; sourceTree = "<group>"; };
		AA38AC37AF8A6DA8AD347560 /* libPods-BWiOSStudyUITests.a */ = {isa = PBXFileReference; explicitFileType = archive.ar; includeInIndex = 0; path = "libPods-BWiOSStudyUITests.a"; sourceTree = BUILT_PRODUCTS_DIR; };
		B43B47C720275CC5001EF4DC /* BWAnimationViewController.h */ = {isa = PBXFileReference; lastKnownFileType = sourcecode.c.h; path = BWAnimationViewController.h; sourceTree = "<group>"; };
		B43B47C820275CC5001EF4DC /* BWAnimationViewController.m */ = {isa = PBXFileReference; lastKnownFileType = sourcecode.c.objc; path = BWAnimationViewController.m; sourceTree = "<group>"; };
		B454508F24BD87C2004AD005 /* UIView+BWAdd.h */ = {isa = PBXFileReference; lastKnownFileType = sourcecode.c.h; path = "UIView+BWAdd.h"; sourceTree = "<group>"; };
		B454509024BD87C2004AD005 /* UIView+BWAdd.m */ = {isa = PBXFileReference; lastKnownFileType = sourcecode.c.objc; path = "UIView+BWAdd.m"; sourceTree = "<group>"; };
		B4546FD824C53178008062D0 /* BMCustomAlertView.h */ = {isa = PBXFileReference; lastKnownFileType = sourcecode.c.h; path = BMCustomAlertView.h; sourceTree = "<group>"; };
		B4546FD924C53178008062D0 /* BMCustomAlertView.m */ = {isa = PBXFileReference; lastKnownFileType = sourcecode.c.objc; path = BMCustomAlertView.m; sourceTree = "<group>"; };
		B4546FDA24C53178008062D0 /* BMCustomAlertView.xib */ = {isa = PBXFileReference; lastKnownFileType = file.xib; path = BMCustomAlertView.xib; sourceTree = "<group>"; };
		B462385E24B6C9160016C23B /* Demo5ViewController.h */ = {isa = PBXFileReference; lastKnownFileType = sourcecode.c.h; path = Demo5ViewController.h; sourceTree = "<group>"; };
		B462385F24B6C9160016C23B /* Demo5ViewController.m */ = {isa = PBXFileReference; lastKnownFileType = sourcecode.c.objc; path = Demo5ViewController.m; sourceTree = "<group>"; };
		B462386024B6C9160016C23B /* Demo5ViewController.xib */ = {isa = PBXFileReference; lastKnownFileType = file.xib; path = Demo5ViewController.xib; sourceTree = "<group>"; };
		B462620E24F35B8300FA5A7F /* Demo6ViewController.h */ = {isa = PBXFileReference; lastKnownFileType = sourcecode.c.h; path = Demo6ViewController.h; sourceTree = "<group>"; };
		B462620F24F35B8300FA5A7F /* Demo6ViewController.m */ = {isa = PBXFileReference; lastKnownFileType = sourcecode.c.objc; path = Demo6ViewController.m; sourceTree = "<group>"; };
		B462621024F35B8300FA5A7F /* Demo6ViewController.xib */ = {isa = PBXFileReference; lastKnownFileType = file.xib; path = Demo6ViewController.xib; sourceTree = "<group>"; };
		B462621724F35C5800FA5A7F /* D6PersonModel.h */ = {isa = PBXFileReference; lastKnownFileType = sourcecode.c.h; path = D6PersonModel.h; sourceTree = "<group>"; };
		B462621824F35C5800FA5A7F /* D6PersonModel.m */ = {isa = PBXFileReference; lastKnownFileType = sourcecode.c.objc; path = D6PersonModel.m; sourceTree = "<group>"; };
		B462621A24F35C6D00FA5A7F /* D6PersonView.h */ = {isa = PBXFileReference; lastKnownFileType = sourcecode.c.h; path = D6PersonView.h; sourceTree = "<group>"; };
		B462621B24F35C6D00FA5A7F /* D6PersonView.m */ = {isa = PBXFileReference; lastKnownFileType = sourcecode.c.objc; path = D6PersonView.m; sourceTree = "<group>"; };
		B462621D24F35C7800FA5A7F /* D6PersonViewModel.h */ = {isa = PBXFileReference; lastKnownFileType = sourcecode.c.h; path = D6PersonViewModel.h; sourceTree = "<group>"; };
		B462621E24F35C7800FA5A7F /* D6PersonViewModel.m */ = {isa = PBXFileReference; lastKnownFileType = sourcecode.c.objc; path = D6PersonViewModel.m; sourceTree = "<group>"; };
		B4640728227589CE001455A0 /* BWDemo3ViewController.h */ = {isa = PBXFileReference; lastKnownFileType = sourcecode.c.h; path = BWDemo3ViewController.h; sourceTree = "<group>"; };
		B4640729227589CE001455A0 /* BWDemo3ViewController.m */ = {isa = PBXFileReference; lastKnownFileType = sourcecode.c.objc; path = BWDemo3ViewController.m; sourceTree = "<group>"; };
		B464072A227589CE001455A0 /* BWDemo3ViewController.xib */ = {isa = PBXFileReference; lastKnownFileType = file.xib; path = BWDemo3ViewController.xib; sourceTree = "<group>"; };
		B4654D422277F8A600668550 /* BWDemo4ViewController.h */ = {isa = PBXFileReference; lastKnownFileType = sourcecode.c.h; path = BWDemo4ViewController.h; sourceTree = "<group>"; };
		B4654D432277F8A600668550 /* BWDemo4ViewController.m */ = {isa = PBXFileReference; lastKnownFileType = sourcecode.c.objc; path = BWDemo4ViewController.m; sourceTree = "<group>"; };
		B4654D442277F8A600668550 /* BWDemo4ViewController.xib */ = {isa = PBXFileReference; lastKnownFileType = file.xib; path = BWDemo4ViewController.xib; sourceTree = "<group>"; };
		B467B367253441C600DAB987 /* Demo7Tool.h */ = {isa = PBXFileReference; lastKnownFileType = sourcecode.c.h; path = Demo7Tool.h; sourceTree = "<group>"; };
		B467B368253441C600DAB987 /* Demo7Tool.m */ = {isa = PBXFileReference; lastKnownFileType = sourcecode.c.objc; path = Demo7Tool.m; sourceTree = "<group>"; };
		B46A62242570972F001DEBDD /* BMTencentMapAddressSelectionViewController.h */ = {isa = PBXFileReference; lastKnownFileType = sourcecode.c.h; path = BMTencentMapAddressSelectionViewController.h; sourceTree = "<group>"; };
		B46A62252570972F001DEBDD /* BMTencentMapAddressSelectionViewController.m */ = {isa = PBXFileReference; lastKnownFileType = sourcecode.c.objc; path = BMTencentMapAddressSelectionViewController.m; sourceTree = "<group>"; };
		B46A62262570972F001DEBDD /* BMTencentMapAddressSelectionViewController.xib */ = {isa = PBXFileReference; lastKnownFileType = file.xib; path = BMTencentMapAddressSelectionViewController.xib; sourceTree = "<group>"; };
		B46A62322570A4B4001DEBDD /* UIViewController+BMModalPresentationStyle.h */ = {isa = PBXFileReference; fileEncoding = 4; lastKnownFileType = sourcecode.c.h; path = "UIViewController+BMModalPresentationStyle.h"; sourceTree = "<group>"; };
		B46A62332570A4B4001DEBDD /* UIViewController+BMModalPresentationStyle.m */ = {isa = PBXFileReference; fileEncoding = 4; lastKnownFileType = sourcecode.c.objc; path = "UIViewController+BMModalPresentationStyle.m"; sourceTree = "<group>"; };
		B46A62562570DA94001DEBDD /* tc_map_icon_point@2x.png */ = {isa = PBXFileReference; lastKnownFileType = image.png; path = "tc_map_icon_point@2x.png"; sourceTree = "<group>"; };
		B46A62572570DA94001DEBDD /* tc_map_icon_nail@3x.png */ = {isa = PBXFileReference; lastKnownFileType = image.png; path = "tc_map_icon_nail@3x.png"; sourceTree = "<group>"; };
		B46A62582570DA94001DEBDD /* tc_map_icon_nail@2x.png */ = {isa = PBXFileReference; lastKnownFileType = image.png; path = "tc_map_icon_nail@2x.png"; sourceTree = "<group>"; };
		B46A62592570DA94001DEBDD /* tc_map_icon_point@3x.png */ = {isa = PBXFileReference; lastKnownFileType = image.png; path = "tc_map_icon_point@3x.png"; sourceTree = "<group>"; };
		B46A625A2570DA94001DEBDD /* tc_map_icon_nail_100@3x.png */ = {isa = PBXFileReference; lastKnownFileType = image.png; path = "tc_map_icon_nail_100@3x.png"; sourceTree = "<group>"; };
		B46A625B2570DA94001DEBDD /* tc_map_icon_nail_100@2x.png */ = {isa = PBXFileReference; lastKnownFileType = image.png; path = "tc_map_icon_nail_100@2x.png"; sourceTree = "<group>"; };
		B46A625C2570DA94001DEBDD /* tc_map_icon_located_black@2x.png */ = {isa = PBXFileReference; lastKnownFileType = image.png; path = "tc_map_icon_located_black@2x.png"; sourceTree = "<group>"; };
		B46A625D2570DA94001DEBDD /* tc_map_icon_tick@2x.png */ = {isa = PBXFileReference; lastKnownFileType = image.png; path = "tc_map_icon_tick@2x.png"; sourceTree = "<group>"; };
		B46A625E2570DA94001DEBDD /* tc_map_icon_located_blue@2x.png */ = {isa = PBXFileReference; lastKnownFileType = image.png; path = "tc_map_icon_located_blue@2x.png"; sourceTree = "<group>"; };
		B46A625F2570DA94001DEBDD /* tc_map_icon_located_blue@3x.png */ = {isa = PBXFileReference; lastKnownFileType = image.png; path = "tc_map_icon_located_blue@3x.png"; sourceTree = "<group>"; };
		B46A62602570DA94001DEBDD /* tc_map_icon_tick@3x.png */ = {isa = PBXFileReference; lastKnownFileType = image.png; path = "tc_map_icon_tick@3x.png"; sourceTree = "<group>"; };
		B46A62612570DA94001DEBDD /* tc_map_icon_located_black@3x.png */ = {isa = PBXFileReference; lastKnownFileType = image.png; path = "tc_map_icon_located_black@3x.png"; sourceTree = "<group>"; };
		B46BBE2A256F9F4B00D5B251 /* Demo8ViewController.h */ = {isa = PBXFileReference; lastKnownFileType = sourcecode.c.h; path = Demo8ViewController.h; sourceTree = "<group>"; };
		B46BBE2B256F9F4B00D5B251 /* Demo8ViewController.m */ = {isa = PBXFileReference; lastKnownFileType = sourcecode.c.objc; path = Demo8ViewController.m; sourceTree = "<group>"; };
		B46BBE2C256F9F4B00D5B251 /* Demo8ViewController.xib */ = {isa = PBXFileReference; lastKnownFileType = file.xib; path = Demo8ViewController.xib; sourceTree = "<group>"; };
		B46DEA5C229D057800DAF99C /* BWDemo2Sub0View.h */ = {isa = PBXFileReference; lastKnownFileType = sourcecode.c.h; path = BWDemo2Sub0View.h; sourceTree = "<group>"; };
		B46DEA5D229D057800DAF99C /* BWDemo2Sub0View.m */ = {isa = PBXFileReference; lastKnownFileType = sourcecode.c.objc; path = BWDemo2Sub0View.m; sourceTree = "<group>"; };
		B46DEA5F229D058500DAF99C /* BWDemo2Sub0View.xib */ = {isa = PBXFileReference; lastKnownFileType = file.xib; path = BWDemo2Sub0View.xib; sourceTree = "<group>"; };
		B46F949F24D8328B00ED5933 /* invalid@2x.png */ = {isa = PBXFileReference; lastKnownFileType = image.png; path = "invalid@2x.png"; sourceTree = "<group>"; };
		B46F94A024D8328C00ED5933 /* invalid@3x.png */ = {isa = PBXFileReference; lastKnownFileType = image.png; path = "invalid@3x.png"; sourceTree = "<group>"; };
		B474F49F2179C8350040E1E1 /* BWDemo0VC.h */ = {isa = PBXFileReference; lastKnownFileType = sourcecode.c.h; path = BWDemo0VC.h; sourceTree = "<group>"; };
		B474F4A02179C8350040E1E1 /* BWDemo0VC.m */ = {isa = PBXFileReference; lastKnownFileType = sourcecode.c.objc; path = BWDemo0VC.m; sourceTree = "<group>"; };
		B47A9F3F22BCA2A40036A5B2 /* BWPersonModel.h */ = {isa = PBXFileReference; lastKnownFileType = sourcecode.c.h; path = BWPersonModel.h; sourceTree = "<group>"; };
		B47A9F4022BCA2A40036A5B2 /* BWPersonModel.m */ = {isa = PBXFileReference; lastKnownFileType = sourcecode.c.objc; path = BWPersonModel.m; sourceTree = "<group>"; };
		B4813858229FBF8B009A110B /* BWDemo3TableView0Cell.h */ = {isa = PBXFileReference; lastKnownFileType = sourcecode.c.h; path = BWDemo3TableView0Cell.h; sourceTree = "<group>"; };
		B4813859229FBF8B009A110B /* BWDemo3TableView0Cell.m */ = {isa = PBXFileReference; lastKnownFileType = sourcecode.c.objc; path = BWDemo3TableView0Cell.m; sourceTree = "<group>"; };
		B481385A229FBF8B009A110B /* BWDemo3TableView0Cell.xib */ = {isa = PBXFileReference; lastKnownFileType = file.xib; path = BWDemo3TableView0Cell.xib; sourceTree = "<group>"; };
		B482AAA7251D867400D8F5E2 /* BMHomeProtocolView.h */ = {isa = PBXFileReference; fileEncoding = 4; lastKnownFileType = sourcecode.c.h; path = BMHomeProtocolView.h; sourceTree = "<group>"; };
		B482AAA8251D867400D8F5E2 /* BMHomeProtocolView.xib */ = {isa = PBXFileReference; fileEncoding = 4; lastKnownFileType = file.xib; path = BMHomeProtocolView.xib; sourceTree = "<group>"; };
		B482AAA9251D867400D8F5E2 /* BMHomeProtocolView.m */ = {isa = PBXFileReference; fileEncoding = 4; lastKnownFileType = sourcecode.c.objc; path = BMHomeProtocolView.m; sourceTree = "<group>"; };
		B486968922423E1200E238A3 /* BWDemo2ViewController.h */ = {isa = PBXFileReference; lastKnownFileType = sourcecode.c.h; path = BWDemo2ViewController.h; sourceTree = "<group>"; };
		B486968A22423E1200E238A3 /* BWDemo2ViewController.m */ = {isa = PBXFileReference; lastKnownFileType = sourcecode.c.objc; path = BWDemo2ViewController.m; sourceTree = "<group>"; };
		B486968B22423E1200E238A3 /* BWDemo2ViewController.xib */ = {isa = PBXFileReference; lastKnownFileType = file.xib; path = BWDemo2ViewController.xib; sourceTree = "<group>"; };
		B491E7A4254167AC00EC0581 /* time@2x.png */ = {isa = PBXFileReference; lastKnownFileType = image.png; path = "time@2x.png"; sourceTree = "<group>"; };
		B491E7A5254167AC00EC0581 /* time@3x.png */ = {isa = PBXFileReference; lastKnownFileType = image.png; path = "time@3x.png"; sourceTree = "<group>"; };
		B4AD600F24BC487D00867300 /* icon_list_delete@3x.png */ = {isa = PBXFileReference; lastKnownFileType = image.png; path = "icon_list_delete@3x.png"; sourceTree = "<group>"; };
		B4AD601024BC487D00867300 /* icon_list_delete@2x.png */ = {isa = PBXFileReference; lastKnownFileType = image.png; path = "icon_list_delete@2x.png"; sourceTree = "<group>"; };
		B4C1DF5C20BBFB91009FBAB1 /* BWStudyViewController.h */ = {isa = PBXFileReference; lastKnownFileType = sourcecode.c.h; path = BWStudyViewController.h; sourceTree = "<group>"; };
		B4C1DF5D20BBFB91009FBAB1 /* BWStudyViewController.m */ = {isa = PBXFileReference; lastKnownFileType = sourcecode.c.objc; path = BWStudyViewController.m; sourceTree = "<group>"; };
		B4C1DF5F20BC03D8009FBAB1 /* BWiOSStudyUITests-Bridging-Header.h */ = {isa = PBXFileReference; lastKnownFileType = sourcecode.c.h; path = "BWiOSStudyUITests-Bridging-Header.h"; sourceTree = "<group>"; };
		B4D684391F7F3B1700C42934 /* BWiOSStudy.app */ = {isa = PBXFileReference; explicitFileType = wrapper.application; includeInIndex = 0; path = BWiOSStudy.app; sourceTree = BUILT_PRODUCTS_DIR; };
		B4D6843D1F7F3B1700C42934 /* main.m */ = {isa = PBXFileReference; lastKnownFileType = sourcecode.c.objc; path = main.m; sourceTree = "<group>"; };
		B4D6843F1F7F3B1700C42934 /* AppDelegate.h */ = {isa = PBXFileReference; lastKnownFileType = sourcecode.c.h; path = AppDelegate.h; sourceTree = "<group>"; };
		B4D684401F7F3B1700C42934 /* AppDelegate.m */ = {isa = PBXFileReference; lastKnownFileType = sourcecode.c.objc; path = AppDelegate.m; sourceTree = "<group>"; };
		B4D684461F7F3B1700C42934 /* Base */ = {isa = PBXFileReference; lastKnownFileType = file.storyboard; name = Base; path = Base.lproj/Main.storyboard; sourceTree = "<group>"; };
		B4D684481F7F3B1700C42934 /* Assets.xcassets */ = {isa = PBXFileReference; lastKnownFileType = folder.assetcatalog; path = Assets.xcassets; sourceTree = "<group>"; };
		B4D6844B1F7F3B1700C42934 /* Base */ = {isa = PBXFileReference; lastKnownFileType = file.storyboard; name = Base; path = Base.lproj/LaunchScreen.storyboard; sourceTree = "<group>"; };
		B4D6844D1F7F3B1700C42934 /* Info.plist */ = {isa = PBXFileReference; lastKnownFileType = text.plist.xml; path = Info.plist; sourceTree = "<group>"; };
		B4D684521F7F3B1700C42934 /* BWiOSStudyTests.xctest */ = {isa = PBXFileReference; explicitFileType = wrapper.cfbundle; includeInIndex = 0; path = BWiOSStudyTests.xctest; sourceTree = BUILT_PRODUCTS_DIR; };
		B4D684561F7F3B1700C42934 /* BWiOSStudyTests.m */ = {isa = PBXFileReference; lastKnownFileType = sourcecode.c.objc; path = BWiOSStudyTests.m; sourceTree = "<group>"; };
		B4D684581F7F3B1700C42934 /* Info.plist */ = {isa = PBXFileReference; lastKnownFileType = text.plist.xml; path = Info.plist; sourceTree = "<group>"; };
		B4D6845D1F7F3B1700C42934 /* BWiOSStudyUITests.xctest */ = {isa = PBXFileReference; explicitFileType = wrapper.cfbundle; includeInIndex = 0; path = BWiOSStudyUITests.xctest; sourceTree = BUILT_PRODUCTS_DIR; };
		B4D684611F7F3B1700C42934 /* BWiOSStudyUITests.m */ = {isa = PBXFileReference; lastKnownFileType = sourcecode.c.objc; path = BWiOSStudyUITests.m; sourceTree = "<group>"; };
		B4D684631F7F3B1700C42934 /* Info.plist */ = {isa = PBXFileReference; lastKnownFileType = text.plist.xml; path = Info.plist; sourceTree = "<group>"; };
		B4D684751F7F426000C42934 /* BWConstraintsController.h */ = {isa = PBXFileReference; fileEncoding = 4; lastKnownFileType = sourcecode.c.h; path = BWConstraintsController.h; sourceTree = "<group>"; };
		B4D684761F7F426000C42934 /* BWConstraintsController.m */ = {isa = PBXFileReference; fileEncoding = 4; lastKnownFileType = sourcecode.c.objc; path = BWConstraintsController.m; sourceTree = "<group>"; };
		B4D684781F7F426000C42934 /* BWFrameController.h */ = {isa = PBXFileReference; fileEncoding = 4; lastKnownFileType = sourcecode.c.h; path = BWFrameController.h; sourceTree = "<group>"; };
		B4D684791F7F426000C42934 /* BWFrameController.m */ = {isa = PBXFileReference; fileEncoding = 4; lastKnownFileType = sourcecode.c.objc; path = BWFrameController.m; sourceTree = "<group>"; };
		B4D684801F7F442600C42934 /* BWHomeTableViewController.h */ = {isa = PBXFileReference; fileEncoding = 4; lastKnownFileType = sourcecode.c.h; path = BWHomeTableViewController.h; sourceTree = "<group>"; };
		B4D684811F7F442600C42934 /* BWHomeTableViewController.m */ = {isa = PBXFileReference; fileEncoding = 4; lastKnownFileType = sourcecode.c.objc; path = BWHomeTableViewController.m; sourceTree = "<group>"; };
		B4D684831F7F477A00C42934 /* BWLayoutViewController.h */ = {isa = PBXFileReference; fileEncoding = 4; lastKnownFileType = sourcecode.c.h; path = BWLayoutViewController.h; sourceTree = "<group>"; };
		B4D684841F7F477A00C42934 /* BWLayoutViewController.m */ = {isa = PBXFileReference; fileEncoding = 4; lastKnownFileType = sourcecode.c.objc; path = BWLayoutViewController.m; sourceTree = "<group>"; };
		B4D684871F7F4BEA00C42934 /* BWLayoutTest0View.h */ = {isa = PBXFileReference; fileEncoding = 4; lastKnownFileType = sourcecode.c.h; path = BWLayoutTest0View.h; sourceTree = "<group>"; };
		B4D684881F7F4BEA00C42934 /* BWLayoutTest0View.m */ = {isa = PBXFileReference; fileEncoding = 4; lastKnownFileType = sourcecode.c.objc; path = BWLayoutTest0View.m; sourceTree = "<group>"; };
		B4DEB8792338785A00D8BF99 /* BMDemo2View1.h */ = {isa = PBXFileReference; lastKnownFileType = sourcecode.c.h; path = BMDemo2View1.h; sourceTree = "<group>"; };
		B4DEB87A2338785A00D8BF99 /* BMDemo2View1.m */ = {isa = PBXFileReference; lastKnownFileType = sourcecode.c.objc; path = BMDemo2View1.m; sourceTree = "<group>"; };
		B4DEB87C2338786100D8BF99 /* BMDemo2View1.xib */ = {isa = PBXFileReference; lastKnownFileType = file.xib; path = BMDemo2View1.xib; sourceTree = "<group>"; };
		B4E02EB12027E4E5006646EB /* BWiOSStudy.pch */ = {isa = PBXFileReference; lastKnownFileType = sourcecode.c.h; path = BWiOSStudy.pch; sourceTree = "<group>"; };
		B4ECABF121EF249100C47B1C /* BWDemo1ViewController.h */ = {isa = PBXFileReference; lastKnownFileType = sourcecode.c.h; path = BWDemo1ViewController.h; sourceTree = "<group>"; };
		B4ECABF221EF249100C47B1C /* BWDemo1ViewController.m */ = {isa = PBXFileReference; lastKnownFileType = sourcecode.c.objc; path = BWDemo1ViewController.m; sourceTree = "<group>"; };
		B4ECABF321EF249100C47B1C /* BWDemo1ViewController.xib */ = {isa = PBXFileReference; lastKnownFileType = file.xib; path = BWDemo1ViewController.xib; sourceTree = "<group>"; };
		B4F19EC22272EFA3004ADD37 /* BWDemo2HeaderView.h */ = {isa = PBXFileReference; lastKnownFileType = sourcecode.c.h; path = BWDemo2HeaderView.h; sourceTree = "<group>"; };
		B4F19EC32272EFA3004ADD37 /* BWDemo2HeaderView.m */ = {isa = PBXFileReference; lastKnownFileType = sourcecode.c.objc; path = BWDemo2HeaderView.m; sourceTree = "<group>"; };
		B4F19EC52272EFAC004ADD37 /* BWDemo2HeaderView.xib */ = {isa = PBXFileReference; lastKnownFileType = file.xib; path = BWDemo2HeaderView.xib; sourceTree = "<group>"; };
		BC4C707CDD211F45D9886F75 /* libPods-BWiOSStudy.a */ = {isa = PBXFileReference; explicitFileType = archive.ar; includeInIndex = 0; path = "libPods-BWiOSStudy.a"; sourceTree = BUILT_PRODUCTS_DIR; };
		C6B72EB7096B6A9B237F257B /* libPods-BWiOSStudyTests.a */ = {isa = PBXFileReference; explicitFileType = archive.ar; includeInIndex = 0; path = "libPods-BWiOSStudyTests.a"; sourceTree = BUILT_PRODUCTS_DIR; };
		EB96689141B2F001E7AFEC2D /* Pods-BWiOSStudy.release.xcconfig */ = {isa = PBXFileReference; includeInIndex = 1; lastKnownFileType = text.xcconfig; name = "Pods-BWiOSStudy.release.xcconfig"; path = "Pods/Target Support Files/Pods-BWiOSStudy/Pods-BWiOSStudy.release.xcconfig"; sourceTree = "<group>"; };
		F34666BB70773A7AC582C31A /* Pods-BWiOSStudy.debug.xcconfig */ = {isa = PBXFileReference; includeInIndex = 1; lastKnownFileType = text.xcconfig; name = "Pods-BWiOSStudy.debug.xcconfig"; path = "Pods/Target Support Files/Pods-BWiOSStudy/Pods-BWiOSStudy.debug.xcconfig"; sourceTree = "<group>"; };
		F8FCA05F4A3CC2972543249C /* Pods-BWiOSStudyUITests.debug.xcconfig */ = {isa = PBXFileReference; includeInIndex = 1; lastKnownFileType = text.xcconfig; name = "Pods-BWiOSStudyUITests.debug.xcconfig"; path = "Pods/Target Support Files/Pods-BWiOSStudyUITests/Pods-BWiOSStudyUITests.debug.xcconfig"; sourceTree = "<group>"; };
/* End PBXFileReference section */

/* Begin PBXFrameworksBuildPhase section */
		B4D684361F7F3B1700C42934 /* Frameworks */ = {
			isa = PBXFrameworksBuildPhase;
			buildActionMask = 2147483647;
			files = (
				776739FF973CC27A63B231B7 /* libPods-BWiOSStudy.a in Frameworks */,
			);
			runOnlyForDeploymentPostprocessing = 0;
		};
		B4D6844F1F7F3B1700C42934 /* Frameworks */ = {
			isa = PBXFrameworksBuildPhase;
			buildActionMask = 2147483647;
			files = (
				C25813129B9FFF1DEC80CBDA /* libPods-BWiOSStudyTests.a in Frameworks */,
			);
			runOnlyForDeploymentPostprocessing = 0;
		};
		B4D6845A1F7F3B1700C42934 /* Frameworks */ = {
			isa = PBXFrameworksBuildPhase;
			buildActionMask = 2147483647;
			files = (
				AE6B5429C90416B1B8A92EC9 /* libPods-BWiOSStudyUITests.a in Frameworks */,
			);
			runOnlyForDeploymentPostprocessing = 0;
		};
/* End PBXFrameworksBuildPhase section */

/* Begin PBXGroup section */
		B43B47C1202757B0001EF4DC /* Animation */ = {
			isa = PBXGroup;
			children = (
				B43B47C720275CC5001EF4DC /* BWAnimationViewController.h */,
				B43B47C820275CC5001EF4DC /* BWAnimationViewController.m */,
				B43B47C2202757B0001EF4DC /* UIView */,
				B43B47C3202757B0001EF4DC /* CAAnimation */,
			);
			path = Animation;
			sourceTree = "<group>";
		};
		B43B47C2202757B0001EF4DC /* UIView */ = {
			isa = PBXGroup;
			children = (
			);
			path = UIView;
			sourceTree = "<group>";
		};
		B43B47C3202757B0001EF4DC /* CAAnimation */ = {
			isa = PBXGroup;
			children = (
			);
			path = CAAnimation;
			sourceTree = "<group>";
		};
		B454508D24BD8787004AD005 /* Common */ = {
			isa = PBXGroup;
			children = (
				B4546FD624C5316F008062D0 /* View */,
				B454508E24BD879B004AD005 /* Category */,
			);
			path = Common;
			sourceTree = "<group>";
		};
		B454508E24BD879B004AD005 /* Category */ = {
			isa = PBXGroup;
			children = (
				B454508F24BD87C2004AD005 /* UIView+BWAdd.h */,
				B454509024BD87C2004AD005 /* UIView+BWAdd.m */,
				B46A62322570A4B4001DEBDD /* UIViewController+BMModalPresentationStyle.h */,
				B46A62332570A4B4001DEBDD /* UIViewController+BMModalPresentationStyle.m */,
			);
			path = Category;
			sourceTree = "<group>";
		};
		B4546FD624C5316F008062D0 /* View */ = {
			isa = PBXGroup;
			children = (
				B4546FD724C53178008062D0 /* BMCustomAlertView */,
			);
			path = View;
			sourceTree = "<group>";
		};
		B4546FD724C53178008062D0 /* BMCustomAlertView */ = {
			isa = PBXGroup;
			children = (
				B4546FD824C53178008062D0 /* BMCustomAlertView.h */,
				B4546FD924C53178008062D0 /* BMCustomAlertView.m */,
				B4546FDA24C53178008062D0 /* BMCustomAlertView.xib */,
			);
			path = BMCustomAlertView;
			sourceTree = "<group>";
		};
		B462385D24B6C8F40016C23B /* Demo5 */ = {
			isa = PBXGroup;
			children = (
				B462385E24B6C9160016C23B /* Demo5ViewController.h */,
				B462385F24B6C9160016C23B /* Demo5ViewController.m */,
				B462386024B6C9160016C23B /* Demo5ViewController.xib */,
			);
			path = Demo5;
			sourceTree = "<group>";
		};
		B462620D24F35B6200FA5A7F /* Demo6 */ = {
			isa = PBXGroup;
			children = (
				B462620E24F35B8300FA5A7F /* Demo6ViewController.h */,
				B462620F24F35B8300FA5A7F /* Demo6ViewController.m */,
				B462621024F35B8300FA5A7F /* Demo6ViewController.xib */,
				B482AAA5251D866100D8F5E2 /* View */,
				B462621324F35C0E00FA5A7F /* MVVM */,
			);
			path = Demo6;
			sourceTree = "<group>";
		};
		B462621324F35C0E00FA5A7F /* MVVM */ = {
			isa = PBXGroup;
			children = (
				B462621724F35C5800FA5A7F /* D6PersonModel.h */,
				B462621824F35C5800FA5A7F /* D6PersonModel.m */,
				B462621A24F35C6D00FA5A7F /* D6PersonView.h */,
				B462621B24F35C6D00FA5A7F /* D6PersonView.m */,
				B462621D24F35C7800FA5A7F /* D6PersonViewModel.h */,
				B462621E24F35C7800FA5A7F /* D6PersonViewModel.m */,
			);
			path = MVVM;
			sourceTree = "<group>";
		};
		B4640727227589B7001455A0 /* Demo3 */ = {
			isa = PBXGroup;
			children = (
				B4813857229FBF75009A110B /* View */,
				B464072D22758AAF001455A0 /* Resource */,
				B4640728227589CE001455A0 /* BWDemo3ViewController.h */,
				B4640729227589CE001455A0 /* BWDemo3ViewController.m */,
				B464072A227589CE001455A0 /* BWDemo3ViewController.xib */,
			);
			path = Demo3;
			sourceTree = "<group>";
		};
		B464072D22758AAF001455A0 /* Resource */ = {
			isa = PBXGroup;
			children = (
			);
			path = Resource;
			sourceTree = "<group>";
		};
		B4654D412277F89200668550 /* Demo4 */ = {
			isa = PBXGroup;
			children = (
				B4775A582296947900EAD3B7 /* Resource */,
				B4654D422277F8A600668550 /* BWDemo4ViewController.h */,
				B4654D432277F8A600668550 /* BWDemo4ViewController.m */,
				B4654D442277F8A600668550 /* BWDemo4ViewController.xib */,
			);
			path = Demo4;
			sourceTree = "<group>";
		};
		B467B366253441AE00DAB987 /* Demo7 */ = {
			isa = PBXGroup;
			children = (
				B467B367253441C600DAB987 /* Demo7Tool.h */,
				B467B368253441C600DAB987 /* Demo7Tool.m */,
			);
			path = Demo7;
			sourceTree = "<group>";
		};
		B46A62232570971C001DEBDD /* Demo9 */ = {
			isa = PBXGroup;
			children = (
				B46A62242570972F001DEBDD /* BMTencentMapAddressSelectionViewController.h */,
				B46A62252570972F001DEBDD /* BMTencentMapAddressSelectionViewController.m */,
				B46A62262570972F001DEBDD /* BMTencentMapAddressSelectionViewController.xib */,
				B46A62552570DA94001DEBDD /* Assets */,
			);
			path = Demo9;
			sourceTree = "<group>";
		};
		B46A62552570DA94001DEBDD /* Assets */ = {
			isa = PBXGroup;
			children = (
				B46A62562570DA94001DEBDD /* tc_map_icon_point@2x.png */,
				B46A62572570DA94001DEBDD /* tc_map_icon_nail@3x.png */,
				B46A62582570DA94001DEBDD /* tc_map_icon_nail@2x.png */,
				B46A62592570DA94001DEBDD /* tc_map_icon_point@3x.png */,
				B46A625A2570DA94001DEBDD /* tc_map_icon_nail_100@3x.png */,
				B46A625B2570DA94001DEBDD /* tc_map_icon_nail_100@2x.png */,
				B46A625C2570DA94001DEBDD /* tc_map_icon_located_black@2x.png */,
				B46A625D2570DA94001DEBDD /* tc_map_icon_tick@2x.png */,
				B46A625E2570DA94001DEBDD /* tc_map_icon_located_blue@2x.png */,
				B46A625F2570DA94001DEBDD /* tc_map_icon_located_blue@3x.png */,
				B46A62602570DA94001DEBDD /* tc_map_icon_tick@3x.png */,
				B46A62612570DA94001DEBDD /* tc_map_icon_located_black@3x.png */,
			);
			path = Assets;
			sourceTree = "<group>";
		};
		B46BBE29256F9F2D00D5B251 /* Demo8 */ = {
			isa = PBXGroup;
			children = (
				B46BBE2A256F9F4B00D5B251 /* Demo8ViewController.h */,
				B46BBE2B256F9F4B00D5B251 /* Demo8ViewController.m */,
				B46BBE2C256F9F4B00D5B251 /* Demo8ViewController.xib */,
			);
			path = Demo8;
			sourceTree = "<group>";
		};
		B46DEA5B229D055A00DAF99C /* Demo2Subview0 */ = {
			isa = PBXGroup;
			children = (
				B46DEA5C229D057800DAF99C /* BWDemo2Sub0View.h */,
				B46DEA5D229D057800DAF99C /* BWDemo2Sub0View.m */,
				B46DEA5F229D058500DAF99C /* BWDemo2Sub0View.xib */,
			);
			path = Demo2Subview0;
			sourceTree = "<group>";
		};
		B474F49E2179C81E0040E1E1 /* Demo */ = {
			isa = PBXGroup;
			children = (
				B46A62232570971C001DEBDD /* Demo9 */,
				B46BBE29256F9F2D00D5B251 /* Demo8 */,
				B467B366253441AE00DAB987 /* Demo7 */,
				B462620D24F35B6200FA5A7F /* Demo6 */,
				B462385D24B6C8F40016C23B /* Demo5 */,
				B4654D412277F89200668550 /* Demo4 */,
				B4640727227589B7001455A0 /* Demo3 */,
				B486968322423C7100E238A3 /* Demo2 */,
				B474F49F2179C8350040E1E1 /* BWDemo0VC.h */,
				B474F4A02179C8350040E1E1 /* BWDemo0VC.m */,
			);
			path = Demo;
			sourceTree = "<group>";
		};
		B4775A582296947900EAD3B7 /* Resource */ = {
			isa = PBXGroup;
			children = (
			);
			path = Resource;
			sourceTree = "<group>";
		};
		B47A9F3E22BCA2970036A5B2 /* Model */ = {
			isa = PBXGroup;
			children = (
				B47A9F3F22BCA2A40036A5B2 /* BWPersonModel.h */,
				B47A9F4022BCA2A40036A5B2 /* BWPersonModel.m */,
			);
			path = Model;
			sourceTree = "<group>";
		};
		B4813857229FBF75009A110B /* View */ = {
			isa = PBXGroup;
			children = (
				B4813858229FBF8B009A110B /* BWDemo3TableView0Cell.h */,
				B4813859229FBF8B009A110B /* BWDemo3TableView0Cell.m */,
				B481385A229FBF8B009A110B /* BWDemo3TableView0Cell.xib */,
			);
			path = View;
			sourceTree = "<group>";
		};
		B482AAA5251D866100D8F5E2 /* View */ = {
			isa = PBXGroup;
			children = (
				B482AAA6251D867400D8F5E2 /* BMHomeProtocolView */,
			);
			path = View;
			sourceTree = "<group>";
		};
		B482AAA6251D867400D8F5E2 /* BMHomeProtocolView */ = {
			isa = PBXGroup;
			children = (
				B482AAA7251D867400D8F5E2 /* BMHomeProtocolView.h */,
				B482AAA9251D867400D8F5E2 /* BMHomeProtocolView.m */,
				B482AAA8251D867400D8F5E2 /* BMHomeProtocolView.xib */,
			);
			path = BMHomeProtocolView;
			sourceTree = "<group>";
		};
		B486968322423C7100E238A3 /* Demo2 */ = {
			isa = PBXGroup;
			children = (
				B4F19EC12272EF8E004ADD37 /* View */,
				B486968922423E1200E238A3 /* BWDemo2ViewController.h */,
				B486968A22423E1200E238A3 /* BWDemo2ViewController.m */,
				B486968B22423E1200E238A3 /* BWDemo2ViewController.xib */,
			);
			path = Demo2;
			sourceTree = "<group>";
		};
		B4AD600E24BC487D00867300 /* Assets */ = {
			isa = PBXGroup;
			children = (
				B491E7A4254167AC00EC0581 /* time@2x.png */,
				B491E7A5254167AC00EC0581 /* time@3x.png */,
				B46F949F24D8328B00ED5933 /* invalid@2x.png */,
				B46F94A024D8328C00ED5933 /* invalid@3x.png */,
				B4AD600F24BC487D00867300 /* icon_list_delete@3x.png */,
				B4AD601024BC487D00867300 /* icon_list_delete@2x.png */,
			);
			path = Assets;
			sourceTree = "<group>";
		};
		B4B91E9720C66AF700DB6F45 /* Database */ = {
			isa = PBXGroup;
			children = (
			);
			path = Database;
			sourceTree = "<group>";
		};
		B4C1DF5B20BBFB7B009FBAB1 /* Study */ = {
			isa = PBXGroup;
			children = (
				B4C1DF5C20BBFB91009FBAB1 /* BWStudyViewController.h */,
				B4C1DF5D20BBFB91009FBAB1 /* BWStudyViewController.m */,
				B4ECABF021EF247800C47B1C /* Demo1 */,
			);
			path = Study;
			sourceTree = "<group>";
		};
		B4D684301F7F3B1700C42934 = {
			isa = PBXGroup;
			children = (
				B4D6843B1F7F3B1700C42934 /* BWiOSStudy */,
				B4D684551F7F3B1700C42934 /* BWiOSStudyTests */,
				B4D684601F7F3B1700C42934 /* BWiOSStudyUITests */,
				B4D6843A1F7F3B1700C42934 /* Products */,
				FB3D54E06C428BBA58FCE0B6 /* Pods */,
				FB66129B00F30E4E2F681A69 /* Frameworks */,
			);
			sourceTree = "<group>";
		};
		B4D6843A1F7F3B1700C42934 /* Products */ = {
			isa = PBXGroup;
			children = (
				B4D684391F7F3B1700C42934 /* BWiOSStudy.app */,
				B4D684521F7F3B1700C42934 /* BWiOSStudyTests.xctest */,
				B4D6845D1F7F3B1700C42934 /* BWiOSStudyUITests.xctest */,
			);
			name = Products;
			sourceTree = "<group>";
		};
		B4D6843B1F7F3B1700C42934 /* BWiOSStudy */ = {
			isa = PBXGroup;
			children = (
				B4D6843F1F7F3B1700C42934 /* AppDelegate.h */,
				B4D684401F7F3B1700C42934 /* AppDelegate.m */,
				B4D684451F7F3B1700C42934 /* Main.storyboard */,
				B454508D24BD8787004AD005 /* Common */,
				B4AD600E24BC487D00867300 /* Assets */,
				B4D6846F1F7F3BE900C42934 /* MVC */,
				B4D684481F7F3B1700C42934 /* Assets.xcassets */,
				B4D6843C1F7F3B1700C42934 /* Supporting Files */,
			);
			path = BWiOSStudy;
			sourceTree = "<group>";
		};
		B4D6843C1F7F3B1700C42934 /* Supporting Files */ = {
			isa = PBXGroup;
			children = (
				B4D6843D1F7F3B1700C42934 /* main.m */,
				B4D6844D1F7F3B1700C42934 /* Info.plist */,
				B4D6844A1F7F3B1700C42934 /* LaunchScreen.storyboard */,
				B4E02EB12027E4E5006646EB /* BWiOSStudy.pch */,
			);
			name = "Supporting Files";
			sourceTree = "<group>";
		};
		B4D684551F7F3B1700C42934 /* BWiOSStudyTests */ = {
			isa = PBXGroup;
			children = (
				B4D684561F7F3B1700C42934 /* BWiOSStudyTests.m */,
				B4D684581F7F3B1700C42934 /* Info.plist */,
			);
			path = BWiOSStudyTests;
			sourceTree = "<group>";
		};
		B4D684601F7F3B1700C42934 /* BWiOSStudyUITests */ = {
			isa = PBXGroup;
			children = (
				B4D684611F7F3B1700C42934 /* BWiOSStudyUITests.m */,
				B4D684631F7F3B1700C42934 /* Info.plist */,
				B4C1DF5F20BC03D8009FBAB1 /* BWiOSStudyUITests-Bridging-Header.h */,
			);
			path = BWiOSStudyUITests;
			sourceTree = "<group>";
		};
		B4D6846F1F7F3BE900C42934 /* MVC */ = {
			isa = PBXGroup;
			children = (
				B47A9F3E22BCA2970036A5B2 /* Model */,
				B4C1DF5B20BBFB7B009FBAB1 /* Study */,
				B4D684701F7F426000C42934 /* Home */,
				B4D684711F7F426000C42934 /* Layout */,
				B43B47C1202757B0001EF4DC /* Animation */,
				B4B91E9720C66AF700DB6F45 /* Database */,
				B474F49E2179C81E0040E1E1 /* Demo */,
			);
			path = MVC;
			sourceTree = "<group>";
		};
		B4D684701F7F426000C42934 /* Home */ = {
			isa = PBXGroup;
			children = (
				B4D684801F7F442600C42934 /* BWHomeTableViewController.h */,
				B4D684811F7F442600C42934 /* BWHomeTableViewController.m */,
			);
			path = Home;
			sourceTree = "<group>";
		};
		B4D684711F7F426000C42934 /* Layout */ = {
			isa = PBXGroup;
			children = (
				B4D684831F7F477A00C42934 /* BWLayoutViewController.h */,
				B4D684841F7F477A00C42934 /* BWLayoutViewController.m */,
				B4D684861F7F479300C42934 /* View */,
				B4D684741F7F426000C42934 /* Constraints */,
				B4D684771F7F426000C42934 /* Frame */,
			);
			path = Layout;
			sourceTree = "<group>";
		};
		B4D684741F7F426000C42934 /* Constraints */ = {
			isa = PBXGroup;
			children = (
				B4D684751F7F426000C42934 /* BWConstraintsController.h */,
				B4D684761F7F426000C42934 /* BWConstraintsController.m */,
			);
			path = Constraints;
			sourceTree = "<group>";
		};
		B4D684771F7F426000C42934 /* Frame */ = {
			isa = PBXGroup;
			children = (
				B4D684781F7F426000C42934 /* BWFrameController.h */,
				B4D684791F7F426000C42934 /* BWFrameController.m */,
			);
			path = Frame;
			sourceTree = "<group>";
		};
		B4D684861F7F479300C42934 /* View */ = {
			isa = PBXGroup;
			children = (
				B4D684871F7F4BEA00C42934 /* BWLayoutTest0View.h */,
				B4D684881F7F4BEA00C42934 /* BWLayoutTest0View.m */,
			);
			path = View;
			sourceTree = "<group>";
		};
		B4DEB8782338784300D8BF99 /* Demo2View1 */ = {
			isa = PBXGroup;
			children = (
				B4DEB8792338785A00D8BF99 /* BMDemo2View1.h */,
				B4DEB87A2338785A00D8BF99 /* BMDemo2View1.m */,
				B4DEB87C2338786100D8BF99 /* BMDemo2View1.xib */,
			);
			path = Demo2View1;
			sourceTree = "<group>";
		};
		B4ECABF021EF247800C47B1C /* Demo1 */ = {
			isa = PBXGroup;
			children = (
				B4ECABF121EF249100C47B1C /* BWDemo1ViewController.h */,
				B4ECABF221EF249100C47B1C /* BWDemo1ViewController.m */,
				B4ECABF321EF249100C47B1C /* BWDemo1ViewController.xib */,
			);
			path = Demo1;
			sourceTree = "<group>";
		};
		B4F19EC12272EF8E004ADD37 /* View */ = {
			isa = PBXGroup;
			children = (
				B4DEB8782338784300D8BF99 /* Demo2View1 */,
				B46DEA5B229D055A00DAF99C /* Demo2Subview0 */,
				B4F19EC22272EFA3004ADD37 /* BWDemo2HeaderView.h */,
				B4F19EC32272EFA3004ADD37 /* BWDemo2HeaderView.m */,
				B4F19EC52272EFAC004ADD37 /* BWDemo2HeaderView.xib */,
			);
			path = View;
			sourceTree = "<group>";
		};
		FB3D54E06C428BBA58FCE0B6 /* Pods */ = {
			isa = PBXGroup;
			children = (
				F34666BB70773A7AC582C31A /* Pods-BWiOSStudy.debug.xcconfig */,
				EB96689141B2F001E7AFEC2D /* Pods-BWiOSStudy.release.xcconfig */,
				AA245579108AC882DA013107 /* Pods-BWiOSStudyTests.debug.xcconfig */,
				9F69C0D0DD9A4F9B63DB7A9B /* Pods-BWiOSStudyTests.release.xcconfig */,
				F8FCA05F4A3CC2972543249C /* Pods-BWiOSStudyUITests.debug.xcconfig */,
				8C742BDA2C4C1B70B7A30A50 /* Pods-BWiOSStudyUITests.release.xcconfig */,
			);
			name = Pods;
			sourceTree = "<group>";
		};
		FB66129B00F30E4E2F681A69 /* Frameworks */ = {
			isa = PBXGroup;
			children = (
				BC4C707CDD211F45D9886F75 /* libPods-BWiOSStudy.a */,
				C6B72EB7096B6A9B237F257B /* libPods-BWiOSStudyTests.a */,
				AA38AC37AF8A6DA8AD347560 /* libPods-BWiOSStudyUITests.a */,
			);
			name = Frameworks;
			sourceTree = "<group>";
		};
/* End PBXGroup section */

/* Begin PBXNativeTarget section */
		B4D684381F7F3B1700C42934 /* BWiOSStudy */ = {
			isa = PBXNativeTarget;
			buildConfigurationList = B4D684661F7F3B1700C42934 /* Build configuration list for PBXNativeTarget "BWiOSStudy" */;
			buildPhases = (
				6103BD84D0D60A0CB5918B49 /* [CP] Check Pods Manifest.lock */,
				B4D684351F7F3B1700C42934 /* Sources */,
				B4D684361F7F3B1700C42934 /* Frameworks */,
				B4D684371F7F3B1700C42934 /* Resources */,
				E52C8E44F19E8DA45D18EAE2 /* [CP] Copy Pods Resources */,
			);
			buildRules = (
			);
			dependencies = (
			);
			name = BWiOSStudy;
			productName = BWiOSStudy;
			productReference = B4D684391F7F3B1700C42934 /* BWiOSStudy.app */;
			productType = "com.apple.product-type.application";
		};
		B4D684511F7F3B1700C42934 /* BWiOSStudyTests */ = {
			isa = PBXNativeTarget;
			buildConfigurationList = B4D684691F7F3B1700C42934 /* Build configuration list for PBXNativeTarget "BWiOSStudyTests" */;
			buildPhases = (
				F87EB2C445A50C1B93CBFBB9 /* [CP] Check Pods Manifest.lock */,
				B4D6844E1F7F3B1700C42934 /* Sources */,
				B4D6844F1F7F3B1700C42934 /* Frameworks */,
				B4D684501F7F3B1700C42934 /* Resources */,
			);
			buildRules = (
			);
			dependencies = (
				B4D684541F7F3B1700C42934 /* PBXTargetDependency */,
			);
			name = BWiOSStudyTests;
			productName = BWiOSStudyTests;
			productReference = B4D684521F7F3B1700C42934 /* BWiOSStudyTests.xctest */;
			productType = "com.apple.product-type.bundle.unit-test";
		};
		B4D6845C1F7F3B1700C42934 /* BWiOSStudyUITests */ = {
			isa = PBXNativeTarget;
			buildConfigurationList = B4D6846C1F7F3B1700C42934 /* Build configuration list for PBXNativeTarget "BWiOSStudyUITests" */;
			buildPhases = (
				2FD3F9D5A5F11FB7F511CF9D /* [CP] Check Pods Manifest.lock */,
				B4D684591F7F3B1700C42934 /* Sources */,
				B4D6845A1F7F3B1700C42934 /* Frameworks */,
				B4D6845B1F7F3B1700C42934 /* Resources */,
			);
			buildRules = (
			);
			dependencies = (
				B4D6845F1F7F3B1700C42934 /* PBXTargetDependency */,
			);
			name = BWiOSStudyUITests;
			productName = BWiOSStudyUITests;
			productReference = B4D6845D1F7F3B1700C42934 /* BWiOSStudyUITests.xctest */;
			productType = "com.apple.product-type.bundle.ui-testing";
		};
/* End PBXNativeTarget section */

/* Begin PBXProject section */
		B4D684311F7F3B1700C42934 /* Project object */ = {
			isa = PBXProject;
			attributes = {
				LastUpgradeCheck = 0830;
				ORGANIZATIONNAME = BobWongStudio;
				TargetAttributes = {
					B4D684381F7F3B1700C42934 = {
						CreatedOnToolsVersion = 8.3.3;
						DevelopmentTeam = 386T5BPBZQ;
						ProvisioningStyle = Manual;
					};
					B4D684511F7F3B1700C42934 = {
						CreatedOnToolsVersion = 8.3.3;
						DevelopmentTeam = V3E8GUFW32;
						ProvisioningStyle = Automatic;
						TestTargetID = B4D684381F7F3B1700C42934;
					};
					B4D6845C1F7F3B1700C42934 = {
						CreatedOnToolsVersion = 8.3.3;
						DevelopmentTeam = V3E8GUFW32;
						LastSwiftMigration = 0920;
						ProvisioningStyle = Automatic;
						TestTargetID = B4D684381F7F3B1700C42934;
					};
				};
			};
			buildConfigurationList = B4D684341F7F3B1700C42934 /* Build configuration list for PBXProject "BWiOSStudy" */;
			compatibilityVersion = "Xcode 3.2";
			developmentRegion = English;
			hasScannedForEncodings = 0;
			knownRegions = (
				English,
				en,
				Base,
			);
			mainGroup = B4D684301F7F3B1700C42934;
			productRefGroup = B4D6843A1F7F3B1700C42934 /* Products */;
			projectDirPath = "";
			projectRoot = "";
			targets = (
				B4D684381F7F3B1700C42934 /* BWiOSStudy */,
				B4D684511F7F3B1700C42934 /* BWiOSStudyTests */,
				B4D6845C1F7F3B1700C42934 /* BWiOSStudyUITests */,
			);
		};
/* End PBXProject section */

/* Begin PBXResourcesBuildPhase section */
		B4D684371F7F3B1700C42934 /* Resources */ = {
			isa = PBXResourcesBuildPhase;
			buildActionMask = 2147483647;
			files = (
				B46A62652570DA94001DEBDD /* tc_map_icon_point@3x.png in Resources */,
				B4546FDC24C53431008062D0 /* BMCustomAlertView.xib in Resources */,
				B4DEB87D2338786100D8BF99 /* BMDemo2View1.xib in Resources */,
				B462386224B6C9160016C23B /* Demo5ViewController.xib in Resources */,
				B46A62692570DA94001DEBDD /* tc_map_icon_tick@2x.png in Resources */,
				B4AD601224BC487D00867300 /* icon_list_delete@2x.png in Resources */,
				B462621224F35B8300FA5A7F /* Demo6ViewController.xib in Resources */,
				B4ECABF521EF249100C47B1C /* BWDemo1ViewController.xib in Resources */,
				B46A62282570972F001DEBDD /* BMTencentMapAddressSelectionViewController.xib in Resources */,
				B491E7A9254167F000EC0581 /* time@2x.png in Resources */,
				B491E7AD254167F300EC0581 /* time@3x.png in Resources */,
				B486968D22423E1200E238A3 /* BWDemo2ViewController.xib in Resources */,
				B4D6844C1F7F3B1700C42934 /* LaunchScreen.storyboard in Resources */,
				B46BBE2E256F9F4B00D5B251 /* Demo8ViewController.xib in Resources */,
				B4654D462277F8A600668550 /* BWDemo4ViewController.xib in Resources */,
				B4AD601124BC487D00867300 /* icon_list_delete@3x.png in Resources */,
				B482AAAA251D867400D8F5E2 /* BMHomeProtocolView.xib in Resources */,
				B481385C229FBF8B009A110B /* BWDemo3TableView0Cell.xib in Resources */,
				B46A62672570DA94001DEBDD /* tc_map_icon_nail_100@2x.png in Resources */,
				B46A626D2570DA94001DEBDD /* tc_map_icon_located_black@3x.png in Resources */,
				B4D684491F7F3B1700C42934 /* Assets.xcassets in Resources */,
				B46A62642570DA94001DEBDD /* tc_map_icon_nail@2x.png in Resources */,
				B46A626B2570DA94001DEBDD /* tc_map_icon_located_blue@3x.png in Resources */,
				B464072C227589CE001455A0 /* BWDemo3ViewController.xib in Resources */,
				B46A62662570DA94001DEBDD /* tc_map_icon_nail_100@3x.png in Resources */,
				B46A62622570DA94001DEBDD /* tc_map_icon_point@2x.png in Resources */,
				B4F19EC62272EFAC004ADD37 /* BWDemo2HeaderView.xib in Resources */,
				B46A62682570DA94001DEBDD /* tc_map_icon_located_black@2x.png in Resources */,
				B46A626A2570DA94001DEBDD /* tc_map_icon_located_blue@2x.png in Resources */,
				B46F94A224D8328C00ED5933 /* invalid@3x.png in Resources */,
				B4D684471F7F3B1700C42934 /* Main.storyboard in Resources */,
				B46DEA60229D058500DAF99C /* BWDemo2Sub0View.xib in Resources */,
				B46F94A124D8328C00ED5933 /* invalid@2x.png in Resources */,
				B46A62632570DA94001DEBDD /* tc_map_icon_nail@3x.png in Resources */,
				B46A626C2570DA94001DEBDD /* tc_map_icon_tick@3x.png in Resources */,
			);
			runOnlyForDeploymentPostprocessing = 0;
		};
		B4D684501F7F3B1700C42934 /* Resources */ = {
			isa = PBXResourcesBuildPhase;
			buildActionMask = 2147483647;
			files = (
			);
			runOnlyForDeploymentPostprocessing = 0;
		};
		B4D6845B1F7F3B1700C42934 /* Resources */ = {
			isa = PBXResourcesBuildPhase;
			buildActionMask = 2147483647;
			files = (
			);
			runOnlyForDeploymentPostprocessing = 0;
		};
/* End PBXResourcesBuildPhase section */

/* Begin PBXShellScriptBuildPhase section */
		2FD3F9D5A5F11FB7F511CF9D /* [CP] Check Pods Manifest.lock */ = {
			isa = PBXShellScriptBuildPhase;
			buildActionMask = 2147483647;
			files = (
			);
			inputPaths = (
				"${PODS_PODFILE_DIR_PATH}/Podfile.lock",
				"${PODS_ROOT}/Manifest.lock",
			);
			name = "[CP] Check Pods Manifest.lock";
			outputPaths = (
				"$(DERIVED_FILE_DIR)/Pods-BWiOSStudyUITests-checkManifestLockResult.txt",
			);
			runOnlyForDeploymentPostprocessing = 0;
			shellPath = /bin/sh;
			shellScript = "diff \"${PODS_PODFILE_DIR_PATH}/Podfile.lock\" \"${PODS_ROOT}/Manifest.lock\" > /dev/null\nif [ $? != 0 ] ; then\n    # print error to STDERR\n    echo \"error: The sandbox is not in sync with the Podfile.lock. Run 'pod install' or update your CocoaPods installation.\" >&2\n    exit 1\nfi\n# This output is used by Xcode 'outputs' to avoid re-running this script phase.\necho \"SUCCESS\" > \"${SCRIPT_OUTPUT_FILE_0}\"\n";
			showEnvVarsInLog = 0;
		};
		6103BD84D0D60A0CB5918B49 /* [CP] Check Pods Manifest.lock */ = {
			isa = PBXShellScriptBuildPhase;
			buildActionMask = 2147483647;
			files = (
			);
			inputPaths = (
				"${PODS_PODFILE_DIR_PATH}/Podfile.lock",
				"${PODS_ROOT}/Manifest.lock",
			);
			name = "[CP] Check Pods Manifest.lock";
			outputPaths = (
				"$(DERIVED_FILE_DIR)/Pods-BWiOSStudy-checkManifestLockResult.txt",
			);
			runOnlyForDeploymentPostprocessing = 0;
			shellPath = /bin/sh;
			shellScript = "diff \"${PODS_PODFILE_DIR_PATH}/Podfile.lock\" \"${PODS_ROOT}/Manifest.lock\" > /dev/null\nif [ $? != 0 ] ; then\n    # print error to STDERR\n    echo \"error: The sandbox is not in sync with the Podfile.lock. Run 'pod install' or update your CocoaPods installation.\" >&2\n    exit 1\nfi\n# This output is used by Xcode 'outputs' to avoid re-running this script phase.\necho \"SUCCESS\" > \"${SCRIPT_OUTPUT_FILE_0}\"\n";
			showEnvVarsInLog = 0;
		};
		E52C8E44F19E8DA45D18EAE2 /* [CP] Copy Pods Resources */ = {
			isa = PBXShellScriptBuildPhase;
			buildActionMask = 2147483647;
			files = (
			);
			inputPaths = (
				"${PODS_ROOT}/Target Support Files/Pods-BWiOSStudy/Pods-BWiOSStudy-resources.sh",
				"${PODS_ROOT}/SVProgressHUD/SVProgressHUD/SVProgressHUD.bundle",
				"${PODS_ROOT}/Tencent-MapSDK/sdk/QMapKit.framework/QMapKit.bundle",
			);
			name = "[CP] Copy Pods Resources";
			outputPaths = (
				"${TARGET_BUILD_DIR}/${UNLOCALIZED_RESOURCES_FOLDER_PATH}/SVProgressHUD.bundle",
				"${TARGET_BUILD_DIR}/${UNLOCALIZED_RESOURCES_FOLDER_PATH}/QMapKit.bundle",
			);
			runOnlyForDeploymentPostprocessing = 0;
			shellPath = /bin/sh;
			shellScript = "\"${PODS_ROOT}/Target Support Files/Pods-BWiOSStudy/Pods-BWiOSStudy-resources.sh\"\n";
			showEnvVarsInLog = 0;
		};
		F87EB2C445A50C1B93CBFBB9 /* [CP] Check Pods Manifest.lock */ = {
			isa = PBXShellScriptBuildPhase;
			buildActionMask = 2147483647;
			files = (
			);
			inputPaths = (
				"${PODS_PODFILE_DIR_PATH}/Podfile.lock",
				"${PODS_ROOT}/Manifest.lock",
			);
			name = "[CP] Check Pods Manifest.lock";
			outputPaths = (
				"$(DERIVED_FILE_DIR)/Pods-BWiOSStudyTests-checkManifestLockResult.txt",
			);
			runOnlyForDeploymentPostprocessing = 0;
			shellPath = /bin/sh;
			shellScript = "diff \"${PODS_PODFILE_DIR_PATH}/Podfile.lock\" \"${PODS_ROOT}/Manifest.lock\" > /dev/null\nif [ $? != 0 ] ; then\n    # print error to STDERR\n    echo \"error: The sandbox is not in sync with the Podfile.lock. Run 'pod install' or update your CocoaPods installation.\" >&2\n    exit 1\nfi\n# This output is used by Xcode 'outputs' to avoid re-running this script phase.\necho \"SUCCESS\" > \"${SCRIPT_OUTPUT_FILE_0}\"\n";
			showEnvVarsInLog = 0;
		};
/* End PBXShellScriptBuildPhase section */

/* Begin PBXSourcesBuildPhase section */
		B4D684351F7F3B1700C42934 /* Sources */ = {
			isa = PBXSourcesBuildPhase;
			buildActionMask = 2147483647;
			files = (
				B4546FDB24C53258008062D0 /* BMCustomAlertView.m in Sources */,
				B4ECABF421EF249100C47B1C /* BWDemo1ViewController.m in Sources */,
				B462386124B6C9160016C23B /* Demo5ViewController.m in Sources */,
				B46DEA5E229D057800DAF99C /* BWDemo2Sub0View.m in Sources */,
				B462621C24F35C6D00FA5A7F /* D6PersonView.m in Sources */,
				B486968C22423E1200E238A3 /* BWDemo2ViewController.m in Sources */,
				B4D684891F7F4BEA00C42934 /* BWLayoutTest0View.m in Sources */,
				B462621F24F35C7800FA5A7F /* D6PersonViewModel.m in Sources */,
				B467B369253441C600DAB987 /* Demo7Tool.m in Sources */,
				B4D684821F7F442600C42934 /* BWHomeTableViewController.m in Sources */,
				B4654D452277F8A600668550 /* BWDemo4ViewController.m in Sources */,
				B4D684851F7F477A00C42934 /* BWLayoutViewController.m in Sources */,
				B4D684411F7F3B1700C42934 /* AppDelegate.m in Sources */,
				B454509124BD87C2004AD005 /* UIView+BWAdd.m in Sources */,
				B4D6847B1F7F426000C42934 /* BWConstraintsController.m in Sources */,
				B4F19EC42272EFA3004ADD37 /* BWDemo2HeaderView.m in Sources */,
				B4D6847C1F7F426000C42934 /* BWFrameController.m in Sources */,
				B43B47C920275CC5001EF4DC /* BWAnimationViewController.m in Sources */,
				B481385B229FBF8B009A110B /* BWDemo3TableView0Cell.m in Sources */,
				B482AAAB251D867400D8F5E2 /* BMHomeProtocolView.m in Sources */,
				B47A9F4122BCA2A40036A5B2 /* BWPersonModel.m in Sources */,
				B464072B227589CE001455A0 /* BWDemo3ViewController.m in Sources */,
				B462621124F35B8300FA5A7F /* Demo6ViewController.m in Sources */,
				B474F4A12179C8350040E1E1 /* BWDemo0VC.m in Sources */,
				B46A62342570A4B4001DEBDD /* UIViewController+BMModalPresentationStyle.m in Sources */,
				B462621924F35C5800FA5A7F /* D6PersonModel.m in Sources */,
				B4D6843E1F7F3B1700C42934 /* main.m in Sources */,
				B4C1DF5E20BBFB91009FBAB1 /* BWStudyViewController.m in Sources */,
				B4DEB87B2338785A00D8BF99 /* BMDemo2View1.m in Sources */,
				B46BBE2D256F9F4B00D5B251 /* Demo8ViewController.m in Sources */,
				B46A62272570972F001DEBDD /* BMTencentMapAddressSelectionViewController.m in Sources */,
			);
			runOnlyForDeploymentPostprocessing = 0;
		};
		B4D6844E1F7F3B1700C42934 /* Sources */ = {
			isa = PBXSourcesBuildPhase;
			buildActionMask = 2147483647;
			files = (
				B4D684571F7F3B1700C42934 /* BWiOSStudyTests.m in Sources */,
			);
			runOnlyForDeploymentPostprocessing = 0;
		};
		B4D684591F7F3B1700C42934 /* Sources */ = {
			isa = PBXSourcesBuildPhase;
			buildActionMask = 2147483647;
			files = (
				B4D684621F7F3B1700C42934 /* BWiOSStudyUITests.m in Sources */,
			);
			runOnlyForDeploymentPostprocessing = 0;
		};
/* End PBXSourcesBuildPhase section */

/* Begin PBXTargetDependency section */
		B4D684541F7F3B1700C42934 /* PBXTargetDependency */ = {
			isa = PBXTargetDependency;
			target = B4D684381F7F3B1700C42934 /* BWiOSStudy */;
			targetProxy = B4D684531F7F3B1700C42934 /* PBXContainerItemProxy */;
		};
		B4D6845F1F7F3B1700C42934 /* PBXTargetDependency */ = {
			isa = PBXTargetDependency;
			target = B4D684381F7F3B1700C42934 /* BWiOSStudy */;
			targetProxy = B4D6845E1F7F3B1700C42934 /* PBXContainerItemProxy */;
		};
/* End PBXTargetDependency section */

/* Begin PBXVariantGroup section */
		B4D684451F7F3B1700C42934 /* Main.storyboard */ = {
			isa = PBXVariantGroup;
			children = (
				B4D684461F7F3B1700C42934 /* Base */,
			);
			name = Main.storyboard;
			sourceTree = "<group>";
		};
		B4D6844A1F7F3B1700C42934 /* LaunchScreen.storyboard */ = {
			isa = PBXVariantGroup;
			children = (
				B4D6844B1F7F3B1700C42934 /* Base */,
			);
			name = LaunchScreen.storyboard;
			sourceTree = "<group>";
		};
/* End PBXVariantGroup section */

/* Begin XCBuildConfiguration section */
		B4D684641F7F3B1700C42934 /* Debug */ = {
			isa = XCBuildConfiguration;
			buildSettings = {
				ALWAYS_SEARCH_USER_PATHS = NO;
				CLANG_ANALYZER_NONNULL = YES;
				CLANG_ANALYZER_NUMBER_OBJECT_CONVERSION = YES_AGGRESSIVE;
				CLANG_CXX_LANGUAGE_STANDARD = "gnu++0x";
				CLANG_CXX_LIBRARY = "libc++";
				CLANG_ENABLE_MODULES = YES;
				CLANG_ENABLE_OBJC_ARC = YES;
				CLANG_WARN_BOOL_CONVERSION = YES;
				CLANG_WARN_CONSTANT_CONVERSION = YES;
				CLANG_WARN_DIRECT_OBJC_ISA_USAGE = YES_ERROR;
				CLANG_WARN_DOCUMENTATION_COMMENTS = YES;
				CLANG_WARN_EMPTY_BODY = YES;
				CLANG_WARN_ENUM_CONVERSION = YES;
				CLANG_WARN_INFINITE_RECURSION = YES;
				CLANG_WARN_INT_CONVERSION = YES;
				CLANG_WARN_OBJC_ROOT_CLASS = YES_ERROR;
				CLANG_WARN_SUSPICIOUS_MOVE = YES;
				CLANG_WARN_UNREACHABLE_CODE = YES;
				CLANG_WARN__DUPLICATE_METHOD_MATCH = YES;
				"CODE_SIGN_IDENTITY[sdk=iphoneos*]" = "iPhone Developer";
				COPY_PHASE_STRIP = NO;
				DEBUG_INFORMATION_FORMAT = dwarf;
				ENABLE_STRICT_OBJC_MSGSEND = YES;
				ENABLE_TESTABILITY = YES;
				GCC_C_LANGUAGE_STANDARD = gnu99;
				GCC_DYNAMIC_NO_PIC = NO;
				GCC_NO_COMMON_BLOCKS = YES;
				GCC_OPTIMIZATION_LEVEL = 0;
				GCC_PREPROCESSOR_DEFINITIONS = (
					"DEBUG=1",
					"$(inherited)",
				);
				GCC_WARN_64_TO_32_BIT_CONVERSION = YES;
				GCC_WARN_ABOUT_RETURN_TYPE = YES_ERROR;
				GCC_WARN_UNDECLARED_SELECTOR = YES;
				GCC_WARN_UNINITIALIZED_AUTOS = YES_AGGRESSIVE;
				GCC_WARN_UNUSED_FUNCTION = YES;
				GCC_WARN_UNUSED_VARIABLE = YES;
				IPHONEOS_DEPLOYMENT_TARGET = 10.3;
				MTL_ENABLE_DEBUG_INFO = YES;
				ONLY_ACTIVE_ARCH = YES;
				SDKROOT = iphoneos;
			};
			name = Debug;
		};
		B4D684651F7F3B1700C42934 /* Release */ = {
			isa = XCBuildConfiguration;
			buildSettings = {
				ALWAYS_SEARCH_USER_PATHS = NO;
				CLANG_ANALYZER_NONNULL = YES;
				CLANG_ANALYZER_NUMBER_OBJECT_CONVERSION = YES_AGGRESSIVE;
				CLANG_CXX_LANGUAGE_STANDARD = "gnu++0x";
				CLANG_CXX_LIBRARY = "libc++";
				CLANG_ENABLE_MODULES = YES;
				CLANG_ENABLE_OBJC_ARC = YES;
				CLANG_WARN_BOOL_CONVERSION = YES;
				CLANG_WARN_CONSTANT_CONVERSION = YES;
				CLANG_WARN_DIRECT_OBJC_ISA_USAGE = YES_ERROR;
				CLANG_WARN_DOCUMENTATION_COMMENTS = YES;
				CLANG_WARN_EMPTY_BODY = YES;
				CLANG_WARN_ENUM_CONVERSION = YES;
				CLANG_WARN_INFINITE_RECURSION = YES;
				CLANG_WARN_INT_CONVERSION = YES;
				CLANG_WARN_OBJC_ROOT_CLASS = YES_ERROR;
				CLANG_WARN_SUSPICIOUS_MOVE = YES;
				CLANG_WARN_UNREACHABLE_CODE = YES;
				CLANG_WARN__DUPLICATE_METHOD_MATCH = YES;
				"CODE_SIGN_IDENTITY[sdk=iphoneos*]" = "iPhone Developer";
				COPY_PHASE_STRIP = NO;
				DEBUG_INFORMATION_FORMAT = "dwarf-with-dsym";
				ENABLE_NS_ASSERTIONS = NO;
				ENABLE_STRICT_OBJC_MSGSEND = YES;
				GCC_C_LANGUAGE_STANDARD = gnu99;
				GCC_NO_COMMON_BLOCKS = YES;
				GCC_WARN_64_TO_32_BIT_CONVERSION = YES;
				GCC_WARN_ABOUT_RETURN_TYPE = YES_ERROR;
				GCC_WARN_UNDECLARED_SELECTOR = YES;
				GCC_WARN_UNINITIALIZED_AUTOS = YES_AGGRESSIVE;
				GCC_WARN_UNUSED_FUNCTION = YES;
				GCC_WARN_UNUSED_VARIABLE = YES;
				IPHONEOS_DEPLOYMENT_TARGET = 10.3;
				MTL_ENABLE_DEBUG_INFO = NO;
				SDKROOT = iphoneos;
				VALIDATE_PRODUCT = YES;
			};
			name = Release;
		};
		B4D684671F7F3B1700C42934 /* Debug */ = {
			isa = XCBuildConfiguration;
			baseConfigurationReference = F34666BB70773A7AC582C31A /* Pods-BWiOSStudy.debug.xcconfig */;
			buildSettings = {
				ASSETCATALOG_COMPILER_APPICON_NAME = AppIcon;
				CODE_SIGN_IDENTITY = "iPhone Developer";
				CODE_SIGN_STYLE = Manual;
				DEVELOPMENT_TEAM = 386T5BPBZQ;
				GCC_PREFIX_HEADER = BWiOSStudy/BWiOSStudy.pch;
				INFOPLIST_FILE = BWiOSStudy/Info.plist;
				IPHONEOS_DEPLOYMENT_TARGET = 9.0;
				LD_RUNPATH_SEARCH_PATHS = "$(inherited) @executable_path/Frameworks";
				PRODUCT_BUNDLE_IDENTIFIER = cn.com.bluemoon.wash;
				PRODUCT_NAME = "$(TARGET_NAME)";
				PROVISIONING_PROFILE_SPECIFIER = dev_cncombluemoonwash20200402;
			};
			name = Debug;
		};
		B4D684681F7F3B1700C42934 /* Release */ = {
			isa = XCBuildConfiguration;
			baseConfigurationReference = EB96689141B2F001E7AFEC2D /* Pods-BWiOSStudy.release.xcconfig */;
			buildSettings = {
				ASSETCATALOG_COMPILER_APPICON_NAME = AppIcon;
				CODE_SIGN_IDENTITY = "iPhone Developer";
				CODE_SIGN_STYLE = Manual;
				DEVELOPMENT_TEAM = 386T5BPBZQ;
				GCC_PREFIX_HEADER = BWiOSStudy/BWiOSStudy.pch;
				INFOPLIST_FILE = BWiOSStudy/Info.plist;
				IPHONEOS_DEPLOYMENT_TARGET = 9.0;
				LD_RUNPATH_SEARCH_PATHS = "$(inherited) @executable_path/Frameworks";
				PRODUCT_BUNDLE_IDENTIFIER = cn.com.bluemoon.wash;
				PRODUCT_NAME = "$(TARGET_NAME)";
				PROVISIONING_PROFILE_SPECIFIER = dev_cncombluemoonwash20200402;
			};
			name = Release;
		};
		B4D6846A1F7F3B1700C42934 /* Debug */ = {
			isa = XCBuildConfiguration;
			baseConfigurationReference = AA245579108AC882DA013107 /* Pods-BWiOSStudyTests.debug.xcconfig */;
			buildSettings = {
				BUNDLE_LOADER = "$(TEST_HOST)";
				DEVELOPMENT_TEAM = V3E8GUFW32;
				INFOPLIST_FILE = BWiOSStudyTests/Info.plist;
				LD_RUNPATH_SEARCH_PATHS = "$(inherited) @executable_path/Frameworks @loader_path/Frameworks";
				PRODUCT_BUNDLE_IDENTIFIER = com.bws.BWiOSStudyTests;
				PRODUCT_NAME = "$(TARGET_NAME)";
				TEST_HOST = "$(BUILT_PRODUCTS_DIR)/BWiOSStudy.app/BWiOSStudy";
			};
			name = Debug;
		};
		B4D6846B1F7F3B1700C42934 /* Release */ = {
			isa = XCBuildConfiguration;
			baseConfigurationReference = 9F69C0D0DD9A4F9B63DB7A9B /* Pods-BWiOSStudyTests.release.xcconfig */;
			buildSettings = {
				BUNDLE_LOADER = "$(TEST_HOST)";
				DEVELOPMENT_TEAM = V3E8GUFW32;
				INFOPLIST_FILE = BWiOSStudyTests/Info.plist;
				LD_RUNPATH_SEARCH_PATHS = "$(inherited) @executable_path/Frameworks @loader_path/Frameworks";
				PRODUCT_BUNDLE_IDENTIFIER = com.bws.BWiOSStudyTests;
				PRODUCT_NAME = "$(TARGET_NAME)";
				TEST_HOST = "$(BUILT_PRODUCTS_DIR)/BWiOSStudy.app/BWiOSStudy";
			};
			name = Release;
		};
		B4D6846D1F7F3B1700C42934 /* Debug */ = {
			isa = XCBuildConfiguration;
			baseConfigurationReference = F8FCA05F4A3CC2972543249C /* Pods-BWiOSStudyUITests.debug.xcconfig */;
			buildSettings = {
				CLANG_ENABLE_MODULES = YES;
				DEVELOPMENT_TEAM = V3E8GUFW32;
				INFOPLIST_FILE = BWiOSStudyUITests/Info.plist;
				LD_RUNPATH_SEARCH_PATHS = "$(inherited) @executable_path/Frameworks @loader_path/Frameworks";
				PRODUCT_BUNDLE_IDENTIFIER = com.bws.BWiOSStudyUITests;
				PRODUCT_NAME = "$(TARGET_NAME)";
				SWIFT_OBJC_BRIDGING_HEADER = "BWiOSStudyUITests/BWiOSStudyUITests-Bridging-Header.h";
				SWIFT_OPTIMIZATION_LEVEL = "-Onone";
				SWIFT_VERSION = 3.0;
				TEST_TARGET_NAME = BWiOSStudy;
			};
			name = Debug;
		};
		B4D6846E1F7F3B1700C42934 /* Release */ = {
			isa = XCBuildConfiguration;
			baseConfigurationReference = 8C742BDA2C4C1B70B7A30A50 /* Pods-BWiOSStudyUITests.release.xcconfig */;
			buildSettings = {
				CLANG_ENABLE_MODULES = YES;
				DEVELOPMENT_TEAM = V3E8GUFW32;
				INFOPLIST_FILE = BWiOSStudyUITests/Info.plist;
				LD_RUNPATH_SEARCH_PATHS = "$(inherited) @executable_path/Frameworks @loader_path/Frameworks";
				PRODUCT_BUNDLE_IDENTIFIER = com.bws.BWiOSStudyUITests;
				PRODUCT_NAME = "$(TARGET_NAME)";
				SWIFT_OBJC_BRIDGING_HEADER = "BWiOSStudyUITests/BWiOSStudyUITests-Bridging-Header.h";
				SWIFT_VERSION = 3.0;
				TEST_TARGET_NAME = BWiOSStudy;
			};
			name = Release;
		};
/* End XCBuildConfiguration section */

/* Begin XCConfigurationList section */
		B4D684341F7F3B1700C42934 /* Build configuration list for PBXProject "BWiOSStudy" */ = {
			isa = XCConfigurationList;
			buildConfigurations = (
				B4D684641F7F3B1700C42934 /* Debug */,
				B4D684651F7F3B1700C42934 /* Release */,
			);
			defaultConfigurationIsVisible = 0;
			defaultConfigurationName = Release;
		};
		B4D684661F7F3B1700C42934 /* Build configuration list for PBXNativeTarget "BWiOSStudy" */ = {
			isa = XCConfigurationList;
			buildConfigurations = (
				B4D684671F7F3B1700C42934 /* Debug */,
				B4D684681F7F3B1700C42934 /* Release */,
			);
			defaultConfigurationIsVisible = 0;
			defaultConfigurationName = Release;
		};
		B4D684691F7F3B1700C42934 /* Build configuration list for PBXNativeTarget "BWiOSStudyTests" */ = {
			isa = XCConfigurationList;
			buildConfigurations = (
				B4D6846A1F7F3B1700C42934 /* Debug */,
				B4D6846B1F7F3B1700C42934 /* Release */,
			);
			defaultConfigurationIsVisible = 0;
			defaultConfigurationName = Release;
		};
		B4D6846C1F7F3B1700C42934 /* Build configuration list for PBXNativeTarget "BWiOSStudyUITests" */ = {
			isa = XCConfigurationList;
			buildConfigurations = (
				B4D6846D1F7F3B1700C42934 /* Debug */,
				B4D6846E1F7F3B1700C42934 /* Release */,
			);
			defaultConfigurationIsVisible = 0;
			defaultConfigurationName = Release;
		};
/* End XCConfigurationList section */
	};
	rootObject = B4D684311F7F3B1700C42934 /* Project object */;
}
