// !$*UTF8*$!
{
	archiveVersion = 1;
	classes = {
	};
	objectVersion = 46;
	objects = {

/* Begin PBXBuildFile section */
		776739FF973CC27A63B231B7 /* libPods-BWiOSStudy.a in Frameworks */ = {isa = PBXBuildFile; fileRef = BC4C707CDD211F45D9886F75 /* libPods-BWiOSStudy.a */; };
		AE6B5429C90416B1B8A92EC9 /* libPods-BWiOSStudyUITests.a in Frameworks */ = {isa = PBXBuildFile; fileRef = AA38AC37AF8A6DA8AD347560 /* libPods-BWiOSStudyUITests.a */; };
		B43B47C920275CC5001EF4DC /* BWAnimationViewController.m in Sources */ = {isa = PBXBuildFile; fileRef = B43B47C820275CC5001EF4DC /* BWAnimationViewController.m */; };
		B4D6843E1F7F3B1700C42934 /* main.m in Sources */ = {isa = PBXBuildFile; fileRef = B4D6843D1F7F3B1700C42934 /* main.m */; };
		B4D684411F7F3B1700C42934 /* AppDelegate.m in Sources */ = {isa = PBXBuildFile; fileRef = B4D684401F7F3B1700C42934 /* AppDelegate.m */; };
		B4D684471F7F3B1700C42934 /* Main.storyboard in Resources */ = {isa = PBXBuildFile; fileRef = B4D684451F7F3B1700C42934 /* Main.storyboard */; };
		B4D684491F7F3B1700C42934 /* Assets.xcassets in Resources */ = {isa = PBXBuildFile; fileRef = B4D684481F7F3B1700C42934 /* Assets.xcassets */; };
		B4D6844C1F7F3B1700C42934 /* LaunchScreen.storyboard in Resources */ = {isa = PBXBuildFile; fileRef = B4D6844A1F7F3B1700C42934 /* LaunchScreen.storyboard */; };
		B4D684571F7F3B1700C42934 /* BWiOSStudyTests.m in Sources */ = {isa = PBXBuildFile; fileRef = B4D684561F7F3B1700C42934 /* BWiOSStudyTests.m */; };
		B4D684621F7F3B1700C42934 /* BWiOSStudyUITests.m in Sources */ = {isa = PBXBuildFile; fileRef = B4D684611F7F3B1700C42934 /* BWiOSStudyUITests.m */; };
		B4D6847B1F7F426000C42934 /* BWConstraintsController.m in Sources */ = {isa = PBXBuildFile; fileRef = B4D684761F7F426000C42934 /* BWConstraintsController.m */; };
		B4D6847C1F7F426000C42934 /* BWFrameController.m in Sources */ = {isa = PBXBuildFile; fileRef = B4D684791F7F426000C42934 /* BWFrameController.m */; };
		B4D684821F7F442600C42934 /* BWHomeTableViewController.m in Sources */ = {isa = PBXBuildFile; fileRef = B4D684811F7F442600C42934 /* BWHomeTableViewController.m */; };
		B4D684851F7F477A00C42934 /* BWLayoutViewController.m in Sources */ = {isa = PBXBuildFile; fileRef = B4D684841F7F477A00C42934 /* BWLayoutViewController.m */; };
		B4D684891F7F4BEA00C42934 /* BWLayoutTest0View.m in Sources */ = {isa = PBXBuildFile; fileRef = B4D684881F7F4BEA00C42934 /* BWLayoutTest0View.m */; };
		C25813129B9FFF1DEC80CBDA /* libPods-BWiOSStudyTests.a in Frameworks */ = {isa = PBXBuildFile; fileRef = C6B72EB7096B6A9B237F257B /* libPods-BWiOSStudyTests.a */; };
/* End PBXBuildFile section */

/* Begin PBXContainerItemProxy section */
		B4D684531F7F3B1700C42934 /* PBXContainerItemProxy */ = {
			isa = PBXContainerItemProxy;
			containerPortal = B4D684311F7F3B1700C42934 /* Project object */;
			proxyType = 1;
			remoteGlobalIDString = B4D684381F7F3B1700C42934;
			remoteInfo = BWiOSStudy;
		};
		B4D6845E1F7F3B1700C42934 /* PBXContainerItemProxy */ = {
			isa = PBXContainerItemProxy;
			containerPortal = B4D684311F7F3B1700C42934 /* Project object */;
			proxyType = 1;
			remoteGlobalIDString = B4D684381F7F3B1700C42934;
			remoteInfo = BWiOSStudy;
		};
/* End PBXContainerItemProxy section */

/* Begin PBXFileReference section */
		8C742BDA2C4C1B70B7A30A50 /* Pods-BWiOSStudyUITests.release.xcconfig */ = {isa = PBXFileReference; includeInIndex = 1; lastKnownFileType = text.xcconfig; name = "Pods-BWiOSStudyUITests.release.xcconfig"; path = "Pods/Target Support Files/Pods-BWiOSStudyUITests/Pods-BWiOSStudyUITests.release.xcconfig"; sourceTree = "<group>"; };
		9F69C0D0DD9A4F9B63DB7A9B /* Pods-BWiOSStudyTests.release.xcconfig */ = {isa = PBXFileReference; includeInIndex = 1; lastKnownFileType = text.xcconfig; name = "Pods-BWiOSStudyTests.release.xcconfig"; path = "Pods/Target Support Files/Pods-BWiOSStudyTests/Pods-BWiOSStudyTests.release.xcconfig"; sourceTree = "<group>"; };
		AA245579108AC882DA013107 /* Pods-BWiOSStudyTests.debug.xcconfig */ = {isa = PBXFileReference; includeInIndex = 1; lastKnownFileType = text.xcconfig; name = "Pods-BWiOSStudyTests.debug.xcconfig"; path = "Pods/Target Support Files/Pods-BWiOSStudyTests/Pods-BWiOSStudyTests.debug.xcconfig"; sourceTree = "<group>"; };
		AA38AC37AF8A6DA8AD347560 /* libPods-BWiOSStudyUITests.a */ = {isa = PBXFileReference; explicitFileType = archive.ar; includeInIndex = 0; path = "libPods-BWiOSStudyUITests.a"; sourceTree = BUILT_PRODUCTS_DIR; };
		B43B47C720275CC5001EF4DC /* BWAnimationViewController.h */ = {isa = PBXFileReference; lastKnownFileType = sourcecode.c.h; path = BWAnimationViewController.h; sourceTree = "<group>"; };
		B43B47C820275CC5001EF4DC /* BWAnimationViewController.m */ = {isa = PBXFileReference; lastKnownFileType = sourcecode.c.objc; path = BWAnimationViewController.m; sourceTree = "<group>"; };
		B4D684391F7F3B1700C42934 /* BWiOSStudy.app */ = {isa = PBXFileReference; explicitFileType = wrapper.application; includeInIndex = 0; path = BWiOSStudy.app; sourceTree = BUILT_PRODUCTS_DIR; };
		B4D6843D1F7F3B1700C42934 /* main.m */ = {isa = PBXFileReference; lastKnownFileType = sourcecode.c.objc; path = main.m; sourceTree = "<group>"; };
		B4D6843F1F7F3B1700C42934 /* AppDelegate.h */ = {isa = PBXFileReference; lastKnownFileType = sourcecode.c.h; path = AppDelegate.h; sourceTree = "<group>"; };
		B4D684401F7F3B1700C42934 /* AppDelegate.m */ = {isa = PBXFileReference; lastKnownFileType = sourcecode.c.objc; path = AppDelegate.m; sourceTree = "<group>"; };
		B4D684461F7F3B1700C42934 /* Base */ = {isa = PBXFileReference; lastKnownFileType = file.storyboard; name = Base; path = Base.lproj/Main.storyboard; sourceTree = "<group>"; };
		B4D684481F7F3B1700C42934 /* Assets.xcassets */ = {isa = PBXFileReference; lastKnownFileType = folder.assetcatalog; path = Assets.xcassets; sourceTree = "<group>"; };
		B4D6844B1F7F3B1700C42934 /* Base */ = {isa = PBXFileReference; lastKnownFileType = file.storyboard; name = Base; path = Base.lproj/LaunchScreen.storyboard; sourceTree = "<group>"; };
		B4D6844D1F7F3B1700C42934 /* Info.plist */ = {isa = PBXFileReference; lastKnownFileType = text.plist.xml; path = Info.plist; sourceTree = "<group>"; };
		B4D684521F7F3B1700C42934 /* BWiOSStudyTests.xctest */ = {isa = PBXFileReference; explicitFileType = wrapper.cfbundle; includeInIndex = 0; path = BWiOSStudyTests.xctest; sourceTree = BUILT_PRODUCTS_DIR; };
		B4D684561F7F3B1700C42934 /* BWiOSStudyTests.m */ = {isa = PBXFileReference; lastKnownFileType = sourcecode.c.objc; path = BWiOSStudyTests.m; sourceTree = "<group>"; };
		B4D684581F7F3B1700C42934 /* Info.plist */ = {isa = PBXFileReference; lastKnownFileType = text.plist.xml; path = Info.plist; sourceTree = "<group>"; };
		B4D6845D1F7F3B1700C42934 /* BWiOSStudyUITests.xctest */ = {isa = PBXFileReference; explicitFileType = wrapper.cfbundle; includeInIndex = 0; path = BWiOSStudyUITests.xctest; sourceTree = BUILT_PRODUCTS_DIR; };
		B4D684611F7F3B1700C42934 /* BWiOSStudyUITests.m */ = {isa = PBXFileReference; lastKnownFileType = sourcecode.c.objc; path = BWiOSStudyUITests.m; sourceTree = "<group>"; };
		B4D684631F7F3B1700C42934 /* Info.plist */ = {isa = PBXFileReference; lastKnownFileType = text.plist.xml; path = Info.plist; sourceTree = "<group>"; };
		B4D684751F7F426000C42934 /* BWConstraintsController.h */ = {isa = PBXFileReference; fileEncoding = 4; lastKnownFileType = sourcecode.c.h; path = BWConstraintsController.h; sourceTree = "<group>"; };
		B4D684761F7F426000C42934 /* BWConstraintsController.m */ = {isa = PBXFileReference; fileEncoding = 4; lastKnownFileType = sourcecode.c.objc; path = BWConstraintsController.m; sourceTree = "<group>"; };
		B4D684781F7F426000C42934 /* BWFrameController.h */ = {isa = PBXFileReference; fileEncoding = 4; lastKnownFileType = sourcecode.c.h; path = BWFrameController.h; sourceTree = "<group>"; };
		B4D684791F7F426000C42934 /* BWFrameController.m */ = {isa = PBXFileReference; fileEncoding = 4; lastKnownFileType = sourcecode.c.objc; path = BWFrameController.m; sourceTree = "<group>"; };
		B4D684801F7F442600C42934 /* BWHomeTableViewController.h */ = {isa = PBXFileReference; fileEncoding = 4; lastKnownFileType = sourcecode.c.h; path = BWHomeTableViewController.h; sourceTree = "<group>"; };
		B4D684811F7F442600C42934 /* BWHomeTableViewController.m */ = {isa = PBXFileReference; fileEncoding = 4; lastKnownFileType = sourcecode.c.objc; path = BWHomeTableViewController.m; sourceTree = "<group>"; };
		B4D684831F7F477A00C42934 /* BWLayoutViewController.h */ = {isa = PBXFileReference; fileEncoding = 4; lastKnownFileType = sourcecode.c.h; path = BWLayoutViewController.h; sourceTree = "<group>"; };
		B4D684841F7F477A00C42934 /* BWLayoutViewController.m */ = {isa = PBXFileReference; fileEncoding = 4; lastKnownFileType = sourcecode.c.objc; path = BWLayoutViewController.m; sourceTree = "<group>"; };
		B4D684871F7F4BEA00C42934 /* BWLayoutTest0View.h */ = {isa = PBXFileReference; fileEncoding = 4; lastKnownFileType = sourcecode.c.h; path = BWLayoutTest0View.h; sourceTree = "<group>"; };
		B4D684881F7F4BEA00C42934 /* BWLayoutTest0View.m */ = {isa = PBXFileReference; fileEncoding = 4; lastKnownFileType = sourcecode.c.objc; path = BWLayoutTest0View.m; sourceTree = "<group>"; };
		BC4C707CDD211F45D9886F75 /* libPods-BWiOSStudy.a */ = {isa = PBXFileReference; explicitFileType = archive.ar; includeInIndex = 0; path = "libPods-BWiOSStudy.a"; sourceTree = BUILT_PRODUCTS_DIR; };
		C6B72EB7096B6A9B237F257B /* libPods-BWiOSStudyTests.a */ = {isa = PBXFileReference; explicitFileType = archive.ar; includeInIndex = 0; path = "libPods-BWiOSStudyTests.a"; sourceTree = BUILT_PRODUCTS_DIR; };
		EB96689141B2F001E7AFEC2D /* Pods-BWiOSStudy.release.xcconfig */ = {isa = PBXFileReference; includeInIndex = 1; lastKnownFileType = text.xcconfig; name = "Pods-BWiOSStudy.release.xcconfig"; path = "Pods/Target Support Files/Pods-BWiOSStudy/Pods-BWiOSStudy.release.xcconfig"; sourceTree = "<group>"; };
		F34666BB70773A7AC582C31A /* Pods-BWiOSStudy.debug.xcconfig */ = {isa = PBXFileReference; includeInIndex = 1; lastKnownFileType = text.xcconfig; name = "Pods-BWiOSStudy.debug.xcconfig"; path = "Pods/Target Support Files/Pods-BWiOSStudy/Pods-BWiOSStudy.debug.xcconfig"; sourceTree = "<group>"; };
		F8FCA05F4A3CC2972543249C /* Pods-BWiOSStudyUITests.debug.xcconfig */ = {isa = PBXFileReference; includeInIndex = 1; lastKnownFileType = text.xcconfig; name = "Pods-BWiOSStudyUITests.debug.xcconfig"; path = "Pods/Target Support Files/Pods-BWiOSStudyUITests/Pods-BWiOSStudyUITests.debug.xcconfig"; sourceTree = "<group>"; };
/* End PBXFileReference section */

/* Begin PBXFrameworksBuildPhase section */
		B4D684361F7F3B1700C42934 /* Frameworks */ = {
			isa = PBXFrameworksBuildPhase;
			buildActionMask = 2147483647;
			files = (
				776739FF973CC27A63B231B7 /* libPods-BWiOSStudy.a in Frameworks */,
			);
			runOnlyForDeploymentPostprocessing = 0;
		};
		B4D6844F1F7F3B1700C42934 /* Frameworks */ = {
			isa = PBXFrameworksBuildPhase;
			buildActionMask = 2147483647;
			files = (
				C25813129B9FFF1DEC80CBDA /* libPods-BWiOSStudyTests.a in Frameworks */,
			);
			runOnlyForDeploymentPostprocessing = 0;
		};
		B4D6845A1F7F3B1700C42934 /* Frameworks */ = {
			isa = PBXFrameworksBuildPhase;
			buildActionMask = 2147483647;
			files = (
				AE6B5429C90416B1B8A92EC9 /* libPods-BWiOSStudyUITests.a in Frameworks */,
			);
			runOnlyForDeploymentPostprocessing = 0;
		};
/* End PBXFrameworksBuildPhase section */

/* Begin PBXGroup section */
		B43B47C1202757B0001EF4DC /* Animation */ = {
			isa = PBXGroup;
			children = (
				B43B47C720275CC5001EF4DC /* BWAnimationViewController.h */,
				B43B47C820275CC5001EF4DC /* BWAnimationViewController.m */,
				B43B47C2202757B0001EF4DC /* UIView */,
				B43B47C3202757B0001EF4DC /* CAAnimation */,
			);
			path = Animation;
			sourceTree = "<group>";
		};
		B43B47C2202757B0001EF4DC /* UIView */ = {
			isa = PBXGroup;
			children = (
			);
			path = UIView;
			sourceTree = "<group>";
		};
		B43B47C3202757B0001EF4DC /* CAAnimation */ = {
			isa = PBXGroup;
			children = (
			);
			path = CAAnimation;
			sourceTree = "<group>";
		};
		B4D684301F7F3B1700C42934 = {
			isa = PBXGroup;
			children = (
				B4D6843B1F7F3B1700C42934 /* BWiOSStudy */,
				B4D684551F7F3B1700C42934 /* BWiOSStudyTests */,
				B4D684601F7F3B1700C42934 /* BWiOSStudyUITests */,
				B4D6843A1F7F3B1700C42934 /* Products */,
				FB3D54E06C428BBA58FCE0B6 /* Pods */,
				FB66129B00F30E4E2F681A69 /* Frameworks */,
			);
			sourceTree = "<group>";
		};
		B4D6843A1F7F3B1700C42934 /* Products */ = {
			isa = PBXGroup;
			children = (
				B4D684391F7F3B1700C42934 /* BWiOSStudy.app */,
				B4D684521F7F3B1700C42934 /* BWiOSStudyTests.xctest */,
				B4D6845D1F7F3B1700C42934 /* BWiOSStudyUITests.xctest */,
			);
			name = Products;
			sourceTree = "<group>";
		};
		B4D6843B1F7F3B1700C42934 /* BWiOSStudy */ = {
			isa = PBXGroup;
			children = (
				B4D6843F1F7F3B1700C42934 /* AppDelegate.h */,
				B4D684401F7F3B1700C42934 /* AppDelegate.m */,
				B4D684451F7F3B1700C42934 /* Main.storyboard */,
				B4D6846F1F7F3BE900C42934 /* MVC */,
				B4D684481F7F3B1700C42934 /* Assets.xcassets */,
				B4D6843C1F7F3B1700C42934 /* Supporting Files */,
			);
			path = BWiOSStudy;
			sourceTree = "<group>";
		};
		B4D6843C1F7F3B1700C42934 /* Supporting Files */ = {
			isa = PBXGroup;
			children = (
				B4D6843D1F7F3B1700C42934 /* main.m */,
				B4D6844D1F7F3B1700C42934 /* Info.plist */,
				B4D6844A1F7F3B1700C42934 /* LaunchScreen.storyboard */,
			);
			name = "Supporting Files";
			sourceTree = "<group>";
		};
		B4D684551F7F3B1700C42934 /* BWiOSStudyTests */ = {
			isa = PBXGroup;
			children = (
				B4D684561F7F3B1700C42934 /* BWiOSStudyTests.m */,
				B4D684581F7F3B1700C42934 /* Info.plist */,
			);
			path = BWiOSStudyTests;
			sourceTree = "<group>";
		};
		B4D684601F7F3B1700C42934 /* BWiOSStudyUITests */ = {
			isa = PBXGroup;
			children = (
				B4D684611F7F3B1700C42934 /* BWiOSStudyUITests.m */,
				B4D684631F7F3B1700C42934 /* Info.plist */,
			);
			path = BWiOSStudyUITests;
			sourceTree = "<group>";
		};
		B4D6846F1F7F3BE900C42934 /* MVC */ = {
			isa = PBXGroup;
			children = (
				B4D684701F7F426000C42934 /* Home */,
				B4D684711F7F426000C42934 /* Layout */,
				B43B47C1202757B0001EF4DC /* Animation */,
			);
			path = MVC;
			sourceTree = "<group>";
		};
		B4D684701F7F426000C42934 /* Home */ = {
			isa = PBXGroup;
			children = (
				B4D684801F7F442600C42934 /* BWHomeTableViewController.h */,
				B4D684811F7F442600C42934 /* BWHomeTableViewController.m */,
			);
			path = Home;
			sourceTree = "<group>";
		};
		B4D684711F7F426000C42934 /* Layout */ = {
			isa = PBXGroup;
			children = (
				B4D684831F7F477A00C42934 /* BWLayoutViewController.h */,
				B4D684841F7F477A00C42934 /* BWLayoutViewController.m */,
				B4D684861F7F479300C42934 /* View */,
				B4D684741F7F426000C42934 /* Constraints */,
				B4D684771F7F426000C42934 /* Frame */,
			);
			path = Layout;
			sourceTree = "<group>";
		};
		B4D684741F7F426000C42934 /* Constraints */ = {
			isa = PBXGroup;
			children = (
				B4D684751F7F426000C42934 /* BWConstraintsController.h */,
				B4D684761F7F426000C42934 /* BWConstraintsController.m */,
			);
			path = Constraints;
			sourceTree = "<group>";
		};
		B4D684771F7F426000C42934 /* Frame */ = {
			isa = PBXGroup;
			children = (
				B4D684781F7F426000C42934 /* BWFrameController.h */,
				B4D684791F7F426000C42934 /* BWFrameController.m */,
			);
			path = Frame;
			sourceTree = "<group>";
		};
		B4D684861F7F479300C42934 /* View */ = {
			isa = PBXGroup;
			children = (
				B4D684871F7F4BEA00C42934 /* BWLayoutTest0View.h */,
				B4D684881F7F4BEA00C42934 /* BWLayoutTest0View.m */,
			);
			path = View;
			sourceTree = "<group>";
		};
		FB3D54E06C428BBA58FCE0B6 /* Pods */ = {
			isa = PBXGroup;
			children = (
				F34666BB70773A7AC582C31A /* Pods-BWiOSStudy.debug.xcconfig */,
				EB96689141B2F001E7AFEC2D /* Pods-BWiOSStudy.release.xcconfig */,
				AA245579108AC882DA013107 /* Pods-BWiOSStudyTests.debug.xcconfig */,
				9F69C0D0DD9A4F9B63DB7A9B /* Pods-BWiOSStudyTests.release.xcconfig */,
				F8FCA05F4A3CC2972543249C /* Pods-BWiOSStudyUITests.debug.xcconfig */,
				8C742BDA2C4C1B70B7A30A50 /* Pods-BWiOSStudyUITests.release.xcconfig */,
			);
			name = Pods;
			sourceTree = "<group>";
		};
		FB66129B00F30E4E2F681A69 /* Frameworks */ = {
			isa = PBXGroup;
			children = (
				BC4C707CDD211F45D9886F75 /* libPods-BWiOSStudy.a */,
				C6B72EB7096B6A9B237F257B /* libPods-BWiOSStudyTests.a */,
				AA38AC37AF8A6DA8AD347560 /* libPods-BWiOSStudyUITests.a */,
			);
			name = Frameworks;
			sourceTree = "<group>";
		};
/* End PBXGroup section */

/* Begin PBXNativeTarget section */
		B4D684381F7F3B1700C42934 /* BWiOSStudy */ = {
			isa = PBXNativeTarget;
			buildConfigurationList = B4D684661F7F3B1700C42934 /* Build configuration list for PBXNativeTarget "BWiOSStudy" */;
			buildPhases = (
				6103BD84D0D60A0CB5918B49 /* [CP] Check Pods Manifest.lock */,
				B4D684351F7F3B1700C42934 /* Sources */,
				B4D684361F7F3B1700C42934 /* Frameworks */,
				B4D684371F7F3B1700C42934 /* Resources */,
				C704E7B337540399EC98BE52 /* [CP] Embed Pods Frameworks */,
				C840A443DB2FD5C55EBF3AB6 /* [CP] Copy Pods Resources */,
			);
			buildRules = (
			);
			dependencies = (
			);
			name = BWiOSStudy;
			productName = BWiOSStudy;
			productReference = B4D684391F7F3B1700C42934 /* BWiOSStudy.app */;
			productType = "com.apple.product-type.application";
		};
		B4D684511F7F3B1700C42934 /* BWiOSStudyTests */ = {
			isa = PBXNativeTarget;
			buildConfigurationList = B4D684691F7F3B1700C42934 /* Build configuration list for PBXNativeTarget "BWiOSStudyTests" */;
			buildPhases = (
				F87EB2C445A50C1B93CBFBB9 /* [CP] Check Pods Manifest.lock */,
				B4D6844E1F7F3B1700C42934 /* Sources */,
				B4D6844F1F7F3B1700C42934 /* Frameworks */,
				B4D684501F7F3B1700C42934 /* Resources */,
				786669177D7DF23AF8223DCC /* [CP] Embed Pods Frameworks */,
				373BB02F62A7B87EF0461345 /* [CP] Copy Pods Resources */,
			);
			buildRules = (
			);
			dependencies = (
				B4D684541F7F3B1700C42934 /* PBXTargetDependency */,
			);
			name = BWiOSStudyTests;
			productName = BWiOSStudyTests;
			productReference = B4D684521F7F3B1700C42934 /* BWiOSStudyTests.xctest */;
			productType = "com.apple.product-type.bundle.unit-test";
		};
		B4D6845C1F7F3B1700C42934 /* BWiOSStudyUITests */ = {
			isa = PBXNativeTarget;
			buildConfigurationList = B4D6846C1F7F3B1700C42934 /* Build configuration list for PBXNativeTarget "BWiOSStudyUITests" */;
			buildPhases = (
				2FD3F9D5A5F11FB7F511CF9D /* [CP] Check Pods Manifest.lock */,
				B4D684591F7F3B1700C42934 /* Sources */,
				B4D6845A1F7F3B1700C42934 /* Frameworks */,
				B4D6845B1F7F3B1700C42934 /* Resources */,
				6D8A5F3B4E6C1C0B319405CC /* [CP] Embed Pods Frameworks */,
				FA4E5C45C1FF3F9B9AF55619 /* [CP] Copy Pods Resources */,
			);
			buildRules = (
			);
			dependencies = (
				B4D6845F1F7F3B1700C42934 /* PBXTargetDependency */,
			);
			name = BWiOSStudyUITests;
			productName = BWiOSStudyUITests;
			productReference = B4D6845D1F7F3B1700C42934 /* BWiOSStudyUITests.xctest */;
			productType = "com.apple.product-type.bundle.ui-testing";
		};
/* End PBXNativeTarget section */

/* Begin PBXProject section */
		B4D684311F7F3B1700C42934 /* Project object */ = {
			isa = PBXProject;
			attributes = {
				LastUpgradeCheck = 0830;
				ORGANIZATIONNAME = BobWongStudio;
				TargetAttributes = {
					B4D684381F7F3B1700C42934 = {
						CreatedOnToolsVersion = 8.3.3;
						DevelopmentTeam = V3E8GUFW32;
						ProvisioningStyle = Automatic;
					};
					B4D684511F7F3B1700C42934 = {
						CreatedOnToolsVersion = 8.3.3;
						DevelopmentTeam = V3E8GUFW32;
						ProvisioningStyle = Automatic;
						TestTargetID = B4D684381F7F3B1700C42934;
					};
					B4D6845C1F7F3B1700C42934 = {
						CreatedOnToolsVersion = 8.3.3;
						DevelopmentTeam = V3E8GUFW32;
						ProvisioningStyle = Automatic;
						TestTargetID = B4D684381F7F3B1700C42934;
					};
				};
			};
			buildConfigurationList = B4D684341F7F3B1700C42934 /* Build configuration list for PBXProject "BWiOSStudy" */;
			compatibilityVersion = "Xcode 3.2";
			developmentRegion = English;
			hasScannedForEncodings = 0;
			knownRegions = (
				en,
				Base,
			);
			mainGroup = B4D684301F7F3B1700C42934;
			productRefGroup = B4D6843A1F7F3B1700C42934 /* Products */;
			projectDirPath = "";
			projectRoot = "";
			targets = (
				B4D684381F7F3B1700C42934 /* BWiOSStudy */,
				B4D684511F7F3B1700C42934 /* BWiOSStudyTests */,
				B4D6845C1F7F3B1700C42934 /* BWiOSStudyUITests */,
			);
		};
/* End PBXProject section */

/* Begin PBXResourcesBuildPhase section */
		B4D684371F7F3B1700C42934 /* Resources */ = {
			isa = PBXResourcesBuildPhase;
			buildActionMask = 2147483647;
			files = (
				B4D6844C1F7F3B1700C42934 /* LaunchScreen.storyboard in Resources */,
				B4D684491F7F3B1700C42934 /* Assets.xcassets in Resources */,
				B4D684471F7F3B1700C42934 /* Main.storyboard in Resources */,
			);
			runOnlyForDeploymentPostprocessing = 0;
		};
		B4D684501F7F3B1700C42934 /* Resources */ = {
			isa = PBXResourcesBuildPhase;
			buildActionMask = 2147483647;
			files = (
			);
			runOnlyForDeploymentPostprocessing = 0;
		};
		B4D6845B1F7F3B1700C42934 /* Resources */ = {
			isa = PBXResourcesBuildPhase;
			buildActionMask = 2147483647;
			files = (
			);
			runOnlyForDeploymentPostprocessing = 0;
		};
/* End PBXResourcesBuildPhase section */

/* Begin PBXShellScriptBuildPhase section */
		2FD3F9D5A5F11FB7F511CF9D /* [CP] Check Pods Manifest.lock */ = {
			isa = PBXShellScriptBuildPhase;
			buildActionMask = 2147483647;
			files = (
			);
			inputPaths = (
				"${PODS_PODFILE_DIR_PATH}/Podfile.lock",
				"${PODS_ROOT}/Manifest.lock",
			);
			name = "[CP] Check Pods Manifest.lock";
			outputPaths = (
				"$(DERIVED_FILE_DIR)/Pods-BWiOSStudyUITests-checkManifestLockResult.txt",
			);
			runOnlyForDeploymentPostprocessing = 0;
			shellPath = /bin/sh;
			shellScript = "diff \"${PODS_PODFILE_DIR_PATH}/Podfile.lock\" \"${PODS_ROOT}/Manifest.lock\" > /dev/null\nif [ $? != 0 ] ; then\n    # print error to STDERR\n    echo \"error: The sandbox is not in sync with the Podfile.lock. Run 'pod install' or update your CocoaPods installation.\" >&2\n    exit 1\nfi\n# This output is used by Xcode 'outputs' to avoid re-running this script phase.\necho \"SUCCESS\" > \"${SCRIPT_OUTPUT_FILE_0}\"\n";
			showEnvVarsInLog = 0;
		};
		373BB02F62A7B87EF0461345 /* [CP] Copy Pods Resources */ = {
			isa = PBXShellScriptBuildPhase;
			buildActionMask = 2147483647;
			files = (
			);
			inputPaths = (
			);
			name = "[CP] Copy Pods Resources";
			outputPaths = (
			);
			runOnlyForDeploymentPostprocessing = 0;
			shellPath = /bin/sh;
			shellScript = "\"${SRCROOT}/Pods/Target Support Files/Pods-BWiOSStudyTests/Pods-BWiOSStudyTests-resources.sh\"\n";
			showEnvVarsInLog = 0;
		};
		6103BD84D0D60A0CB5918B49 /* [CP] Check Pods Manifest.lock */ = {
			isa = PBXShellScriptBuildPhase;
			buildActionMask = 2147483647;
			files = (
			);
			inputPaths = (
				"${PODS_PODFILE_DIR_PATH}/Podfile.lock",
				"${PODS_ROOT}/Manifest.lock",
			);
			name = "[CP] Check Pods Manifest.lock";
			outputPaths = (
				"$(DERIVED_FILE_DIR)/Pods-BWiOSStudy-checkManifestLockResult.txt",
			);
			runOnlyForDeploymentPostprocessing = 0;
			shellPath = /bin/sh;
			shellScript = "diff \"${PODS_PODFILE_DIR_PATH}/Podfile.lock\" \"${PODS_ROOT}/Manifest.lock\" > /dev/null\nif [ $? != 0 ] ; then\n    # print error to STDERR\n    echo \"error: The sandbox is not in sync with the Podfile.lock. Run 'pod install' or update your CocoaPods installation.\" >&2\n    exit 1\nfi\n# This output is used by Xcode 'outputs' to avoid re-running this script phase.\necho \"SUCCESS\" > \"${SCRIPT_OUTPUT_FILE_0}\"\n";
			showEnvVarsInLog = 0;
		};
		6D8A5F3B4E6C1C0B319405CC /* [CP] Embed Pods Frameworks */ = {
			isa = PBXShellScriptBuildPhase;
			buildActionMask = 2147483647;
			files = (
			);
			inputPaths = (
			);
			name = "[CP] Embed Pods Frameworks";
			outputPaths = (
			);
			runOnlyForDeploymentPostprocessing = 0;
			shellPath = /bin/sh;
			shellScript = "\"${SRCROOT}/Pods/Target Support Files/Pods-BWiOSStudyUITests/Pods-BWiOSStudyUITests-frameworks.sh\"\n";
			showEnvVarsInLog = 0;
		};
		786669177D7DF23AF8223DCC /* [CP] Embed Pods Frameworks */ = {
			isa = PBXShellScriptBuildPhase;
			buildActionMask = 2147483647;
			files = (
			);
			inputPaths = (
			);
			name = "[CP] Embed Pods Frameworks";
			outputPaths = (
			);
			runOnlyForDeploymentPostprocessing = 0;
			shellPath = /bin/sh;
			shellScript = "\"${SRCROOT}/Pods/Target Support Files/Pods-BWiOSStudyTests/Pods-BWiOSStudyTests-frameworks.sh\"\n";
			showEnvVarsInLog = 0;
		};
		C704E7B337540399EC98BE52 /* [CP] Embed Pods Frameworks */ = {
			isa = PBXShellScriptBuildPhase;
			buildActionMask = 2147483647;
			files = (
			);
			inputPaths = (
			);
			name = "[CP] Embed Pods Frameworks";
			outputPaths = (
			);
			runOnlyForDeploymentPostprocessing = 0;
			shellPath = /bin/sh;
			shellScript = "\"${SRCROOT}/Pods/Target Support Files/Pods-BWiOSStudy/Pods-BWiOSStudy-frameworks.sh\"\n";
			showEnvVarsInLog = 0;
		};
		C840A443DB2FD5C55EBF3AB6 /* [CP] Copy Pods Resources */ = {
			isa = PBXShellScriptBuildPhase;
			buildActionMask = 2147483647;
			files = (
			);
			inputPaths = (
			);
			name = "[CP] Copy Pods Resources";
			outputPaths = (
			);
			runOnlyForDeploymentPostprocessing = 0;
			shellPath = /bin/sh;
			shellScript = "\"${SRCROOT}/Pods/Target Support Files/Pods-BWiOSStudy/Pods-BWiOSStudy-resources.sh\"\n";
			showEnvVarsInLog = 0;
		};
		F87EB2C445A50C1B93CBFBB9 /* [CP] Check Pods Manifest.lock */ = {
			isa = PBXShellScriptBuildPhase;
			buildActionMask = 2147483647;
			files = (
			);
			inputPaths = (
				"${PODS_PODFILE_DIR_PATH}/Podfile.lock",
				"${PODS_ROOT}/Manifest.lock",
			);
			name = "[CP] Check Pods Manifest.lock";
			outputPaths = (
				"$(DERIVED_FILE_DIR)/Pods-BWiOSStudyTests-checkManifestLockResult.txt",
			);
			runOnlyForDeploymentPostprocessing = 0;
			shellPath = /bin/sh;
			shellScript = "diff \"${PODS_PODFILE_DIR_PATH}/Podfile.lock\" \"${PODS_ROOT}/Manifest.lock\" > /dev/null\nif [ $? != 0 ] ; then\n    # print error to STDERR\n    echo \"error: The sandbox is not in sync with the Podfile.lock. Run 'pod install' or update your CocoaPods installation.\" >&2\n    exit 1\nfi\n# This output is used by Xcode 'outputs' to avoid re-running this script phase.\necho \"SUCCESS\" > \"${SCRIPT_OUTPUT_FILE_0}\"\n";
			showEnvVarsInLog = 0;
		};
		FA4E5C45C1FF3F9B9AF55619 /* [CP] Copy Pods Resources */ = {
			isa = PBXShellScriptBuildPhase;
			buildActionMask = 2147483647;
			files = (
			);
			inputPaths = (
			);
			name = "[CP] Copy Pods Resources";
			outputPaths = (
			);
			runOnlyForDeploymentPostprocessing = 0;
			shellPath = /bin/sh;
			shellScript = "\"${SRCROOT}/Pods/Target Support Files/Pods-BWiOSStudyUITests/Pods-BWiOSStudyUITests-resources.sh\"\n";
			showEnvVarsInLog = 0;
		};
/* End PBXShellScriptBuildPhase section */

/* Begin PBXSourcesBuildPhase section */
		B4D684351F7F3B1700C42934 /* Sources */ = {
			isa = PBXSourcesBuildPhase;
			buildActionMask = 2147483647;
			files = (
				B4D684891F7F4BEA00C42934 /* BWLayoutTest0View.m in Sources */,
				B4D684821F7F442600C42934 /* BWHomeTableViewController.m in Sources */,
				B4D684851F7F477A00C42934 /* BWLayoutViewController.m in Sources */,
				B4D684411F7F3B1700C42934 /* AppDelegate.m in Sources */,
				B4D6847B1F7F426000C42934 /* BWConstraintsController.m in Sources */,
				B4D6847C1F7F426000C42934 /* BWFrameController.m in Sources */,
				B43B47C920275CC5001EF4DC /* BWAnimationViewController.m in Sources */,
				B4D6843E1F7F3B1700C42934 /* main.m in Sources */,
			);
			runOnlyForDeploymentPostprocessing = 0;
		};
		B4D6844E1F7F3B1700C42934 /* Sources */ = {
			isa = PBXSourcesBuildPhase;
			buildActionMask = 2147483647;
			files = (
				B4D684571F7F3B1700C42934 /* BWiOSStudyTests.m in Sources */,
			);
			runOnlyForDeploymentPostprocessing = 0;
		};
		B4D684591F7F3B1700C42934 /* Sources */ = {
			isa = PBXSourcesBuildPhase;
			buildActionMask = 2147483647;
			files = (
				B4D684621F7F3B1700C42934 /* BWiOSStudyUITests.m in Sources */,
			);
			runOnlyForDeploymentPostprocessing = 0;
		};
/* End PBXSourcesBuildPhase section */

/* Begin PBXTargetDependency section */
		B4D684541F7F3B1700C42934 /* PBXTargetDependency */ = {
			isa = PBXTargetDependency;
			target = B4D684381F7F3B1700C42934 /* BWiOSStudy */;
			targetProxy = B4D684531F7F3B1700C42934 /* PBXContainerItemProxy */;
		};
		B4D6845F1F7F3B1700C42934 /* PBXTargetDependency */ = {
			isa = PBXTargetDependency;
			target = B4D684381F7F3B1700C42934 /* BWiOSStudy */;
			targetProxy = B4D6845E1F7F3B1700C42934 /* PBXContainerItemProxy */;
		};
/* End PBXTargetDependency section */

/* Begin PBXVariantGroup section */
		B4D684451F7F3B1700C42934 /* Main.storyboard */ = {
			isa = PBXVariantGroup;
			children = (
				B4D684461F7F3B1700C42934 /* Base */,
			);
			name = Main.storyboard;
			sourceTree = "<group>";
		};
		B4D6844A1F7F3B1700C42934 /* LaunchScreen.storyboard */ = {
			isa = PBXVariantGroup;
			children = (
				B4D6844B1F7F3B1700C42934 /* Base */,
			);
			name = LaunchScreen.storyboard;
			sourceTree = "<group>";
		};
/* End PBXVariantGroup section */

/* Begin XCBuildConfiguration section */
		B4D684641F7F3B1700C42934 /* Debug */ = {
			isa = XCBuildConfiguration;
			buildSettings = {
				ALWAYS_SEARCH_USER_PATHS = NO;
				CLANG_ANALYZER_NONNULL = YES;
				CLANG_ANALYZER_NUMBER_OBJECT_CONVERSION = YES_AGGRESSIVE;
				CLANG_CXX_LANGUAGE_STANDARD = "gnu++0x";
				CLANG_CXX_LIBRARY = "libc++";
				CLANG_ENABLE_MODULES = YES;
				CLANG_ENABLE_OBJC_ARC = YES;
				CLANG_WARN_BOOL_CONVERSION = YES;
				CLANG_WARN_CONSTANT_CONVERSION = YES;
				CLANG_WARN_DIRECT_OBJC_ISA_USAGE = YES_ERROR;
				CLANG_WARN_DOCUMENTATION_COMMENTS = YES;
				CLANG_WARN_EMPTY_BODY = YES;
				CLANG_WARN_ENUM_CONVERSION = YES;
				CLANG_WARN_INFINITE_RECURSION = YES;
				CLANG_WARN_INT_CONVERSION = YES;
				CLANG_WARN_OBJC_ROOT_CLASS = YES_ERROR;
				CLANG_WARN_SUSPICIOUS_MOVE = YES;
				CLANG_WARN_UNREACHABLE_CODE = YES;
				CLANG_WARN__DUPLICATE_METHOD_MATCH = YES;
				"CODE_SIGN_IDENTITY[sdk=iphoneos*]" = "iPhone Developer";
				COPY_PHASE_STRIP = NO;
				DEBUG_INFORMATION_FORMAT = dwarf;
				ENABLE_STRICT_OBJC_MSGSEND = YES;
				ENABLE_TESTABILITY = YES;
				GCC_C_LANGUAGE_STANDARD = gnu99;
				GCC_DYNAMIC_NO_PIC = NO;
				GCC_NO_COMMON_BLOCKS = YES;
				GCC_OPTIMIZATION_LEVEL = 0;
				GCC_PREPROCESSOR_DEFINITIONS = (
					"DEBUG=1",
					"$(inherited)",
				);
				GCC_WARN_64_TO_32_BIT_CONVERSION = YES;
				GCC_WARN_ABOUT_RETURN_TYPE = YES_ERROR;
				GCC_WARN_UNDECLARED_SELECTOR = YES;
				GCC_WARN_UNINITIALIZED_AUTOS = YES_AGGRESSIVE;
				GCC_WARN_UNUSED_FUNCTION = YES;
				GCC_WARN_UNUSED_VARIABLE = YES;
				IPHONEOS_DEPLOYMENT_TARGET = 10.3;
				MTL_ENABLE_DEBUG_INFO = YES;
				ONLY_ACTIVE_ARCH = YES;
				SDKROOT = iphoneos;
			};
			name = Debug;
		};
		B4D684651F7F3B1700C42934 /* Release */ = {
			isa = XCBuildConfiguration;
			buildSettings = {
				ALWAYS_SEARCH_USER_PATHS = NO;
				CLANG_ANALYZER_NONNULL = YES;
				CLANG_ANALYZER_NUMBER_OBJECT_CONVERSION = YES_AGGRESSIVE;
				CLANG_CXX_LANGUAGE_STANDARD = "gnu++0x";
				CLANG_CXX_LIBRARY = "libc++";
				CLANG_ENABLE_MODULES = YES;
				CLANG_ENABLE_OBJC_ARC = YES;
				CLANG_WARN_BOOL_CONVERSION = YES;
				CLANG_WARN_CONSTANT_CONVERSION = YES;
				CLANG_WARN_DIRECT_OBJC_ISA_USAGE = YES_ERROR;
				CLANG_WARN_DOCUMENTATION_COMMENTS = YES;
				CLANG_WARN_EMPTY_BODY = YES;
				CLANG_WARN_ENUM_CONVERSION = YES;
				CLANG_WARN_INFINITE_RECURSION = YES;
				CLANG_WARN_INT_CONVERSION = YES;
				CLANG_WARN_OBJC_ROOT_CLASS = YES_ERROR;
				CLANG_WARN_SUSPICIOUS_MOVE = YES;
				CLANG_WARN_UNREACHABLE_CODE = YES;
				CLANG_WARN__DUPLICATE_METHOD_MATCH = YES;
				"CODE_SIGN_IDENTITY[sdk=iphoneos*]" = "iPhone Developer";
				COPY_PHASE_STRIP = NO;
				DEBUG_INFORMATION_FORMAT = "dwarf-with-dsym";
				ENABLE_NS_ASSERTIONS = NO;
				ENABLE_STRICT_OBJC_MSGSEND = YES;
				GCC_C_LANGUAGE_STANDARD = gnu99;
				GCC_NO_COMMON_BLOCKS = YES;
				GCC_WARN_64_TO_32_BIT_CONVERSION = YES;
				GCC_WARN_ABOUT_RETURN_TYPE = YES_ERROR;
				GCC_WARN_UNDECLARED_SELECTOR = YES;
				GCC_WARN_UNINITIALIZED_AUTOS = YES_AGGRESSIVE;
				GCC_WARN_UNUSED_FUNCTION = YES;
				GCC_WARN_UNUSED_VARIABLE = YES;
				IPHONEOS_DEPLOYMENT_TARGET = 10.3;
				MTL_ENABLE_DEBUG_INFO = NO;
				SDKROOT = iphoneos;
				VALIDATE_PRODUCT = YES;
			};
			name = Release;
		};
		B4D684671F7F3B1700C42934 /* Debug */ = {
			isa = XCBuildConfiguration;
			baseConfigurationReference = F34666BB70773A7AC582C31A /* Pods-BWiOSStudy.debug.xcconfig */;
			buildSettings = {
				ASSETCATALOG_COMPILER_APPICON_NAME = AppIcon;
				DEVELOPMENT_TEAM = V3E8GUFW32;
				INFOPLIST_FILE = BWiOSStudy/Info.plist;
				IPHONEOS_DEPLOYMENT_TARGET = 8.0;
				LD_RUNPATH_SEARCH_PATHS = "$(inherited) @executable_path/Frameworks";
				PRODUCT_BUNDLE_IDENTIFIER = com.bws.BWiOSStudy;
				PRODUCT_NAME = "$(TARGET_NAME)";
			};
			name = Debug;
		};
		B4D684681F7F3B1700C42934 /* Release */ = {
			isa = XCBuildConfiguration;
			baseConfigurationReference = EB96689141B2F001E7AFEC2D /* Pods-BWiOSStudy.release.xcconfig */;
			buildSettings = {
				ASSETCATALOG_COMPILER_APPICON_NAME = AppIcon;
				DEVELOPMENT_TEAM = V3E8GUFW32;
				INFOPLIST_FILE = BWiOSStudy/Info.plist;
				IPHONEOS_DEPLOYMENT_TARGET = 8.0;
				LD_RUNPATH_SEARCH_PATHS = "$(inherited) @executable_path/Frameworks";
				PRODUCT_BUNDLE_IDENTIFIER = com.bws.BWiOSStudy;
				PRODUCT_NAME = "$(TARGET_NAME)";
			};
			name = Release;
		};
		B4D6846A1F7F3B1700C42934 /* Debug */ = {
			isa = XCBuildConfiguration;
			baseConfigurationReference = AA245579108AC882DA013107 /* Pods-BWiOSStudyTests.debug.xcconfig */;
			buildSettings = {
				BUNDLE_LOADER = "$(TEST_HOST)";
				DEVELOPMENT_TEAM = V3E8GUFW32;
				INFOPLIST_FILE = BWiOSStudyTests/Info.plist;
				LD_RUNPATH_SEARCH_PATHS = "$(inherited) @executable_path/Frameworks @loader_path/Frameworks";
				PRODUCT_BUNDLE_IDENTIFIER = com.bws.BWiOSStudyTests;
				PRODUCT_NAME = "$(TARGET_NAME)";
				TEST_HOST = "$(BUILT_PRODUCTS_DIR)/BWiOSStudy.app/BWiOSStudy";
			};
			name = Debug;
		};
		B4D6846B1F7F3B1700C42934 /* Release */ = {
			isa = XCBuildConfiguration;
			baseConfigurationReference = 9F69C0D0DD9A4F9B63DB7A9B /* Pods-BWiOSStudyTests.release.xcconfig */;
			buildSettings = {
				BUNDLE_LOADER = "$(TEST_HOST)";
				DEVELOPMENT_TEAM = V3E8GUFW32;
				INFOPLIST_FILE = BWiOSStudyTests/Info.plist;
				LD_RUNPATH_SEARCH_PATHS = "$(inherited) @executable_path/Frameworks @loader_path/Frameworks";
				PRODUCT_BUNDLE_IDENTIFIER = com.bws.BWiOSStudyTests;
				PRODUCT_NAME = "$(TARGET_NAME)";
				TEST_HOST = "$(BUILT_PRODUCTS_DIR)/BWiOSStudy.app/BWiOSStudy";
			};
			name = Release;
		};
		B4D6846D1F7F3B1700C42934 /* Debug */ = {
			isa = XCBuildConfiguration;
			baseConfigurationReference = F8FCA05F4A3CC2972543249C /* Pods-BWiOSStudyUITests.debug.xcconfig */;
			buildSettings = {
				DEVELOPMENT_TEAM = V3E8GUFW32;
				INFOPLIST_FILE = BWiOSStudyUITests/Info.plist;
				LD_RUNPATH_SEARCH_PATHS = "$(inherited) @executable_path/Frameworks @loader_path/Frameworks";
				PRODUCT_BUNDLE_IDENTIFIER = com.bws.BWiOSStudyUITests;
				PRODUCT_NAME = "$(TARGET_NAME)";
				TEST_TARGET_NAME = BWiOSStudy;
			};
			name = Debug;
		};
		B4D6846E1F7F3B1700C42934 /* Release */ = {
			isa = XCBuildConfiguration;
			baseConfigurationReference = 8C742BDA2C4C1B70B7A30A50 /* Pods-BWiOSStudyUITests.release.xcconfig */;
			buildSettings = {
				DEVELOPMENT_TEAM = V3E8GUFW32;
				INFOPLIST_FILE = BWiOSStudyUITests/Info.plist;
				LD_RUNPATH_SEARCH_PATHS = "$(inherited) @executable_path/Frameworks @loader_path/Frameworks";
				PRODUCT_BUNDLE_IDENTIFIER = com.bws.BWiOSStudyUITests;
				PRODUCT_NAME = "$(TARGET_NAME)";
				TEST_TARGET_NAME = BWiOSStudy;
			};
			name = Release;
		};
/* End XCBuildConfiguration section */

/* Begin XCConfigurationList section */
		B4D684341F7F3B1700C42934 /* Build configuration list for PBXProject "BWiOSStudy" */ = {
			isa = XCConfigurationList;
			buildConfigurations = (
				B4D684641F7F3B1700C42934 /* Debug */,
				B4D684651F7F3B1700C42934 /* Release */,
			);
			defaultConfigurationIsVisible = 0;
			defaultConfigurationName = Release;
		};
		B4D684661F7F3B1700C42934 /* Build configuration list for PBXNativeTarget "BWiOSStudy" */ = {
			isa = XCConfigurationList;
			buildConfigurations = (
				B4D684671F7F3B1700C42934 /* Debug */,
				B4D684681F7F3B1700C42934 /* Release */,
			);
			defaultConfigurationIsVisible = 0;
			defaultConfigurationName = Release;
		};
		B4D684691F7F3B1700C42934 /* Build configuration list for PBXNativeTarget "BWiOSStudyTests" */ = {
			isa = XCConfigurationList;
			buildConfigurations = (
				B4D6846A1F7F3B1700C42934 /* Debug */,
				B4D6846B1F7F3B1700C42934 /* Release */,
			);
			defaultConfigurationIsVisible = 0;
			defaultConfigurationName = Release;
		};
		B4D6846C1F7F3B1700C42934 /* Build configuration list for PBXNativeTarget "BWiOSStudyUITests" */ = {
			isa = XCConfigurationList;
			buildConfigurations = (
				B4D6846D1F7F3B1700C42934 /* Debug */,
				B4D6846E1F7F3B1700C42934 /* Release */,
			);
			defaultConfigurationIsVisible = 0;
			defaultConfigurationName = Release;
		};
/* End XCConfigurationList section */
	};
	rootObject = B4D684311F7F3B1700C42934 /* Project object */;
}
